// !$*UTF8*$!
{
	archiveVersion = 1;
	classes = {
	};
	objectVersion = 46;
	objects = {
/* Begin PBXBuildFile section */
		0207DA581B56EA530066E2B4 /* Images.xcassets in Resources */ = {isa = PBXBuildFile; fileRef = 0207DA571B56EA530066E2B4 /* Images.xcassets */; };
		1D3623260D0F684500981E51 /* AppDelegate.m in Sources */ = {isa = PBXBuildFile; fileRef = 1D3623250D0F684500981E51 /* AppDelegate.m */; };
		1D60589B0D05DD56006BFB54 /* main.m in Sources */ = {isa = PBXBuildFile; fileRef = 29B97316FDCFA39411CA2CEA /* main.m */; };
		301BF552109A68D80062928A /* libCordova.a in Frameworks */ = {isa = PBXBuildFile; fileRef = 301BF535109A57CC0062928A /* libCordova.a */; };
		302D95F114D2391D003F00A1 /* MainViewController.m in Sources */ = {isa = PBXBuildFile; fileRef = 302D95EF14D2391D003F00A1 /* MainViewController.m */; };
		302D95F214D2391D003F00A1 /* MainViewController.xib in Resources */ = {isa = PBXBuildFile; fileRef = 302D95F014D2391D003F00A1 /* MainViewController.xib */; };
		3047A5121AB8059700498E2A /* build-debug.xcconfig in Resources */ = {isa = PBXBuildFile; fileRef = 3047A50F1AB8059700498E2A /* build-debug.xcconfig */; };
		3047A5131AB8059700498E2A /* build-release.xcconfig in Resources */ = {isa = PBXBuildFile; fileRef = 3047A5101AB8059700498E2A /* build-release.xcconfig */; };
		3047A5141AB8059700498E2A /* build.xcconfig in Resources */ = {isa = PBXBuildFile; fileRef = 3047A5111AB8059700498E2A /* build.xcconfig */; };
		C9CD1AFC335241A3B32422EC /* CDVBattery.m in Sources */ = {isa = PBXBuildFile; fileRef = 9621776D468F4F91B5E3AEE2 /* CDVBattery.m */; };
		92326534FDCB4EE2A15CCD46 /* UIImage+CropScaleOrientation.m in Sources */ = {isa = PBXBuildFile; fileRef = 3BA84D77F20C41C7B9CE8278 /* UIImage+CropScaleOrientation.m */; };
		885F7C32CF5D4C3C80B7947A /* CDVCamera.m in Sources */ = {isa = PBXBuildFile; fileRef = 20BE3EA788394D98ACB04BFA /* CDVCamera.m */; };
		E0D86898E77D438B86764BE8 /* CDVJpegHeaderWriter.m in Sources */ = {isa = PBXBuildFile; fileRef = 3D72E39B0CBB448482E467BE /* CDVJpegHeaderWriter.m */; };
		1B57797A4D9147C3887AEFD5 /* ImageIO.framework in Frameworks */ = {isa = PBXBuildFile; fileRef = 9FC825C5D90946D5A3C40362 /* ImageIO.framework */; settings = {ATTRIBUTES = (Weak, ); }; };
		4C6DAE838E2B481783622D87 /* CoreLocation.framework in Frameworks */ = {isa = PBXBuildFile; fileRef = A5660B553CE64F488A58757C /* CoreLocation.framework */; };
		D4B2E3AFEB144300870025F0 /* AVFoundation.framework in Frameworks */ = {isa = PBXBuildFile; fileRef = B7F459237A1A41B18CA4CD1D /* AVFoundation.framework */; };
		AB984560A19F48999A384D52 /* CDVLogger.m in Sources */ = {isa = PBXBuildFile; fileRef = AC66687781A74FD290B5C421 /* CDVLogger.m */; };
		8F3D84A5A11F4113BC0556ED /* CDVContacts.m in Sources */ = {isa = PBXBuildFile; fileRef = 7FE060F6456D4C15B699608B /* CDVContacts.m */; };
		C44B8BC929FB4A5C8F8C2DFD /* CDVContact.m in Sources */ = {isa = PBXBuildFile; fileRef = 7A87EF597A7243B185F80630 /* CDVContact.m */; };
		201E3CCE95B443E4979090F1 /* AddressBook.framework in Frameworks */ = {isa = PBXBuildFile; fileRef = 2D3D4A7EA886431C9788C5B3 /* AddressBook.framework */; settings = {ATTRIBUTES = (Weak, ); }; };
		6690BD06F6C1467C8BE89C7A /* AddressBookUI.framework in Frameworks */ = {isa = PBXBuildFile; fileRef = 9E523BA6B86A4147902EE784 /* AddressBookUI.framework */; settings = {ATTRIBUTES = (Weak, ); }; };
		3AC56F7F18214930A04BE725 /* CDVDevice.m in Sources */ = {isa = PBXBuildFile; fileRef = BE3B5713A428478484DAB8D5 /* CDVDevice.m */; };
		569AC022C9CB47BF995865C1 /* CDVAccelerometer.m in Sources */ = {isa = PBXBuildFile; fileRef = EBD444D29A874DE384D0A48C /* CDVAccelerometer.m */; };
		0BBE71CDBCDD405B994A05EE /* CoreMotion.framework in Frameworks */ = {isa = PBXBuildFile; fileRef = 5F3C462BAB544062835FE3E3 /* CoreMotion.framework */; };
		FF7FEA6029CA4102A7726806 /* CDVCompass.m in Sources */ = {isa = PBXBuildFile; fileRef = 75073FD41477425099C08D37 /* CDVCompass.m */; };
		3D55A1F8B317435A833736A4 /* CDVNotification.m in Sources */ = {isa = PBXBuildFile; fileRef = C82478CCA2F54FA790A18448 /* CDVNotification.m */; };
		1F4D0EDA532E488EAC32CE81 /* CDVNotification.bundle in Resources */ = {isa = PBXBuildFile; fileRef = 2C7DAB3ED0734BD58D57C3AA /* CDVNotification.bundle */; };
		038691EA4B4B4B2994E73691 /* AudioToolbox.framework in Frameworks */ = {isa = PBXBuildFile; fileRef = 36E5CB86923942AE95D9557B /* AudioToolbox.framework */; settings = {ATTRIBUTES = (Weak, ); }; };
		53F7945D820F446586B0EB4F /* CDVFile.m in Sources */ = {isa = PBXBuildFile; fileRef = 9A85E82488C445979794E33C /* CDVFile.m */; };
		224F4E95F7F84537ABDD274E /* CDVLocalFilesystem.m in Sources */ = {isa = PBXBuildFile; fileRef = A768E1FB97794B6D80950E82 /* CDVLocalFilesystem.m */; };
		BB53C1576C894A119748CE63 /* CDVAssetLibraryFilesystem.m in Sources */ = {isa = PBXBuildFile; fileRef = E2FA4455E0CC4861A31DEC02 /* CDVAssetLibraryFilesystem.m */; };
		1E907D6E0F5446A7A7CADE18 /* CDVFileTransfer.m in Sources */ = {isa = PBXBuildFile; fileRef = 5F95EF68ED8C4D239570F22C /* CDVFileTransfer.m */; };
		6C4AFEB007F34C72A59944E0 /* CDVLocation.m in Sources */ = {isa = PBXBuildFile; fileRef = 963546EE74AE4F60B84527D7 /* CDVLocation.m */; };
		2D177E4AB04C4CECA6FCD191 /* CDVGlobalization.m in Sources */ = {isa = PBXBuildFile; fileRef = 483321BA42614683B225E7E4 /* CDVGlobalization.m */; };
		DE97C0C20A984123A966FC20 /* CDVInAppBrowser.m in Sources */ = {isa = PBXBuildFile; fileRef = 59AEABFF87A84AEBAC84EA13 /* CDVInAppBrowser.m */; };
		D6DD46810F4A4F64B0BE0860 /* CDVSound.m in Sources */ = {isa = PBXBuildFile; fileRef = ABC894CB256E4288B8C4E401 /* CDVSound.m */; };
		61973494A94B438A9566A292 /* CDVCapture.m in Sources */ = {isa = PBXBuildFile; fileRef = C252F1E0B5EF44B8B0D1F044 /* CDVCapture.m */; };
		5964611290B34BD39264225A /* CDVCapture.bundle in Resources */ = {isa = PBXBuildFile; fileRef = BD70B6E0F2AC44ACBA0CB314 /* CDVCapture.bundle */; };
		326DD644E03E4F0CA26A311B /* CDVConnection.m in Sources */ = {isa = PBXBuildFile; fileRef = B0E5DA2E76B447ACA2C7FF9C /* CDVConnection.m */; };
		6AAEBCC49F674E4083CF38F8 /* CDVReachability.m in Sources */ = {isa = PBXBuildFile; fileRef = DAFA72C671BF48C1BB33121C /* CDVReachability.m */; };
		CB36872615A74EC79DA52454 /* SystemConfiguration.framework in Frameworks */ = {isa = PBXBuildFile; fileRef = 91625AE4FB7C492DA0820D36 /* SystemConfiguration.framework */; settings = {ATTRIBUTES = (Weak, ); }; };
		A775D412D87A436AA0D256CF /* CoreTelephony.framework in Frameworks */ = {isa = PBXBuildFile; fileRef = 7C19B044CD3A4D67BF069084 /* CoreTelephony.framework */; };
		1D660C3C339A429CB27E90FB /* CDVSplashScreen.m in Sources */ = {isa = PBXBuildFile; fileRef = CE8714B6A6A64603811C0EB7 /* CDVSplashScreen.m */; };
		86C09C07FDD04DD5B799E666 /* CDVViewController+SplashScreen.m in Sources */ = {isa = PBXBuildFile; fileRef = C70502CC62A54EE28B80B766 /* CDVViewController+SplashScreen.m */; };
		5683A66BDA344A069880437A /* CDVStatusBar.m in Sources */ = {isa = PBXBuildFile; fileRef = 756D8CBD91F04D53957A6325 /* CDVStatusBar.m */; };
		109F7F75466A45239E3A061A /* CDVVibration.m in Sources */ = {isa = PBXBuildFile; fileRef = CCFC43600A724D2FAB8FDAD6 /* CDVVibration.m */; };
/* End PBXBuildFile section */

/* Begin PBXContainerItemProxy section */
		301BF534109A57CC0062928A /* PBXContainerItemProxy */ = {
			isa = PBXContainerItemProxy;
			containerPortal = 301BF52D109A57CC0062928A /* CordovaLib.xcodeproj */;
			proxyType = 2;
			remoteGlobalIDString = D2AAC07E0554694100DB518D;
			remoteInfo = CordovaLib;
		};
		301BF550109A68C00062928A /* PBXContainerItemProxy */ = {
			isa = PBXContainerItemProxy;
			containerPortal = 301BF52D109A57CC0062928A /* CordovaLib.xcodeproj */;
			proxyType = 1;
			remoteGlobalIDString = D2AAC07D0554694100DB518D;
			remoteInfo = CordovaLib;
		};
/* End PBXContainerItemProxy section */

/* Begin PBXFileReference section */
		0207DA571B56EA530066E2B4 /* Images.xcassets */ = {isa = PBXFileReference; lastKnownFileType = folder.assetcatalog; name = Images.xcassets; path = "AudioVideoApp/Images.xcassets"; sourceTree = SOURCE_ROOT; };
		1D3623240D0F684500981E51 /* AppDelegate.h */ = {isa = PBXFileReference; fileEncoding = 4; lastKnownFileType = sourcecode.c.h; path = AppDelegate.h; sourceTree = "<group>"; };
		1D3623250D0F684500981E51 /* AppDelegate.m */ = {isa = PBXFileReference; fileEncoding = 4; lastKnownFileType = sourcecode.c.objc; path = AppDelegate.m; sourceTree = "<group>"; };
		1D6058910D05DD3D006BFB54 /* AudioVideoApp.app */ = {isa = PBXFileReference; explicitFileType = wrapper.application; includeInIndex = 0; path = "AudioVideoApp.app"; sourceTree = BUILT_PRODUCTS_DIR; };
		29B97316FDCFA39411CA2CEA /* main.m */ = {isa = PBXFileReference; fileEncoding = 4; lastKnownFileType = sourcecode.c.objc; path = main.m; sourceTree = "<group>"; };
		301BF52D109A57CC0062928A /* CordovaLib.xcodeproj */ = {isa = PBXFileReference; lastKnownFileType = "wrapper.pb-project"; name = CordovaLib.xcodeproj; path = CordovaLib/CordovaLib.xcodeproj; sourceTree = "<group>"; };
		301BF56E109A69640062928A /* www */ = {isa = PBXFileReference; lastKnownFileType = folder; path = www; sourceTree = SOURCE_ROOT; };
		302D95EE14D2391D003F00A1 /* MainViewController.h */ = {isa = PBXFileReference; fileEncoding = 4; lastKnownFileType = sourcecode.c.h; path = MainViewController.h; sourceTree = "<group>"; };
		302D95EF14D2391D003F00A1 /* MainViewController.m */ = {isa = PBXFileReference; fileEncoding = 4; lastKnownFileType = sourcecode.c.objc; path = MainViewController.m; sourceTree = "<group>"; };
		302D95F014D2391D003F00A1 /* MainViewController.xib */ = {isa = PBXFileReference; fileEncoding = 4; lastKnownFileType = file.xib; path = MainViewController.xib; sourceTree = "<group>"; };
		3047A50F1AB8059700498E2A /* build-debug.xcconfig */ = {isa = PBXFileReference; fileEncoding = 4; lastKnownFileType = text.xcconfig; name = "build-debug.xcconfig"; path = cordova/build-debug.xcconfig; sourceTree = SOURCE_ROOT; };
		3047A5101AB8059700498E2A /* build-release.xcconfig */ = {isa = PBXFileReference; fileEncoding = 4; lastKnownFileType = text.xcconfig; name = "build-release.xcconfig"; path = cordova/build-release.xcconfig; sourceTree = SOURCE_ROOT; };
		3047A5111AB8059700498E2A /* build.xcconfig */ = {isa = PBXFileReference; fileEncoding = 4; lastKnownFileType = text.xcconfig; name = build.xcconfig; path = cordova/build.xcconfig; sourceTree = SOURCE_ROOT; };
		32CA4F630368D1EE00C91783 /* AudioVideoApp-Prefix.pch */ = {isa = PBXFileReference; fileEncoding = 4; lastKnownFileType = sourcecode.c.h; path = "AudioVideoApp-Prefix.pch"; sourceTree = "<group>"; };
		8D1107310486CEB800E47090 /* AudioVideoApp-Info.plist */ = {isa = PBXFileReference; fileEncoding = 4; lastKnownFileType = text.plist.xml; name = "AudioVideoApp-Info.plist"; path = "AudioVideoApp/AudioVideoApp-Info.plist"; plistStructureDefinitionIdentifier = "com.apple.xcode.plist.structure-definition.iphone.info-plist"; sourceTree = SOURCE_ROOT; };
		EB87FDF31871DA8E0020F90C /* www */ = {isa = PBXFileReference; lastKnownFileType = folder; name = www; path = ../../www; sourceTree = "<group>"; };
		EB87FDF41871DAF40020F90C /* config.xml */ = {isa = PBXFileReference; lastKnownFileType = text.xml; name = config.xml; path = ../../config.xml; sourceTree = "<group>"; };
		F840E1F0165FE0F500CFE078 /* config.xml */ = {isa = PBXFileReference; lastKnownFileType = text.xml; name = config.xml; path = "AudioVideoApp/config.xml"; sourceTree = "<group>"; };
		ED33DF2A687741AEAF9F8254 /* Bridging-Header.h */ = {isa = PBXFileReference; fileEncoding = 4; lastKnownFileType = sourcecode.c.h; name = "Bridging-Header.h"; path = "Bridging-Header.h"; sourceTree = "<group>"; };
		9621776D468F4F91B5E3AEE2 /* CDVBattery.m */ = {isa = PBXFileReference; name = "CDVBattery.m"; path = "cordova-plugin-battery-status/CDVBattery.m"; sourceTree = "<group>"; fileEncoding = 4; lastKnownFileType = sourcecode.c.objc; explicitFileType = undefined; includeInIndex = 0; };
		15240E29B4E7483083D2D5DE /* CDVBattery.h */ = {isa = PBXFileReference; name = "CDVBattery.h"; path = "cordova-plugin-battery-status/CDVBattery.h"; sourceTree = "<group>"; fileEncoding = 4; lastKnownFileType = sourcecode.c.h; explicitFileType = undefined; includeInIndex = 0; };
		3BA84D77F20C41C7B9CE8278 /* UIImage+CropScaleOrientation.m */ = {isa = PBXFileReference; name = "UIImage+CropScaleOrientation.m"; path = "cordova-plugin-camera/UIImage+CropScaleOrientation.m"; sourceTree = "<group>"; fileEncoding = 4; lastKnownFileType = sourcecode.c.objc; explicitFileType = undefined; includeInIndex = 0; };
		20BE3EA788394D98ACB04BFA /* CDVCamera.m */ = {isa = PBXFileReference; name = "CDVCamera.m"; path = "cordova-plugin-camera/CDVCamera.m"; sourceTree = "<group>"; fileEncoding = 4; lastKnownFileType = sourcecode.c.objc; explicitFileType = undefined; includeInIndex = 0; };
		3D72E39B0CBB448482E467BE /* CDVJpegHeaderWriter.m */ = {isa = PBXFileReference; name = "CDVJpegHeaderWriter.m"; path = "cordova-plugin-camera/CDVJpegHeaderWriter.m"; sourceTree = "<group>"; fileEncoding = 4; lastKnownFileType = sourcecode.c.objc; explicitFileType = undefined; includeInIndex = 0; };
		7217B31F699B4C8CA9832C15 /* UIImage+CropScaleOrientation.h */ = {isa = PBXFileReference; name = "UIImage+CropScaleOrientation.h"; path = "cordova-plugin-camera/UIImage+CropScaleOrientation.h"; sourceTree = "<group>"; fileEncoding = 4; lastKnownFileType = sourcecode.c.h; explicitFileType = undefined; includeInIndex = 0; };
		AFE9514A7BEA41129E467445 /* CDVCamera.h */ = {isa = PBXFileReference; name = "CDVCamera.h"; path = "cordova-plugin-camera/CDVCamera.h"; sourceTree = "<group>"; fileEncoding = 4; lastKnownFileType = sourcecode.c.h; explicitFileType = undefined; includeInIndex = 0; };
		3FF3370D822F4507B32F0618 /* CDVJpegHeaderWriter.h */ = {isa = PBXFileReference; name = "CDVJpegHeaderWriter.h"; path = "cordova-plugin-camera/CDVJpegHeaderWriter.h"; sourceTree = "<group>"; fileEncoding = 4; lastKnownFileType = sourcecode.c.h; explicitFileType = undefined; includeInIndex = 0; };
		318412AF933A4E5386AEF896 /* CDVExif.h */ = {isa = PBXFileReference; name = "CDVExif.h"; path = "cordova-plugin-camera/CDVExif.h"; sourceTree = "<group>"; fileEncoding = 4; lastKnownFileType = sourcecode.c.h; explicitFileType = undefined; includeInIndex = 0; };
		9FC825C5D90946D5A3C40362 /* ImageIO.framework */ = {isa = PBXFileReference; name = "ImageIO.framework"; path = "System/Library/Frameworks/ImageIO.framework"; sourceTree = SDKROOT; fileEncoding = undefined; lastKnownFileType = wrapper.framework; explicitFileType = undefined; includeInIndex = 0; };
		A5660B553CE64F488A58757C /* CoreLocation.framework */ = {isa = PBXFileReference; name = "CoreLocation.framework"; path = "System/Library/Frameworks/CoreLocation.framework"; sourceTree = SDKROOT; fileEncoding = undefined; lastKnownFileType = wrapper.framework; explicitFileType = undefined; includeInIndex = 0; };
		B7F459237A1A41B18CA4CD1D /* AVFoundation.framework */ = {isa = PBXFileReference; name = "AVFoundation.framework"; path = "System/Library/Frameworks/AVFoundation.framework"; sourceTree = SDKROOT; fileEncoding = undefined; lastKnownFileType = wrapper.framework; explicitFileType = undefined; includeInIndex = 0; };
		AC66687781A74FD290B5C421 /* CDVLogger.m */ = {isa = PBXFileReference; name = "CDVLogger.m"; path = "cordova-plugin-console/CDVLogger.m"; sourceTree = "<group>"; fileEncoding = 4; lastKnownFileType = sourcecode.c.objc; explicitFileType = undefined; includeInIndex = 0; };
		38CA9A23B9E8406BA304720A /* CDVLogger.h */ = {isa = PBXFileReference; name = "CDVLogger.h"; path = "cordova-plugin-console/CDVLogger.h"; sourceTree = "<group>"; fileEncoding = 4; lastKnownFileType = sourcecode.c.h; explicitFileType = undefined; includeInIndex = 0; };
		7FE060F6456D4C15B699608B /* CDVContacts.m */ = {isa = PBXFileReference; name = "CDVContacts.m"; path = "cordova-plugin-contacts/CDVContacts.m"; sourceTree = "<group>"; fileEncoding = 4; lastKnownFileType = sourcecode.c.objc; explicitFileType = undefined; includeInIndex = 0; };
		7A87EF597A7243B185F80630 /* CDVContact.m */ = {isa = PBXFileReference; name = "CDVContact.m"; path = "cordova-plugin-contacts/CDVContact.m"; sourceTree = "<group>"; fileEncoding = 4; lastKnownFileType = sourcecode.c.objc; explicitFileType = undefined; includeInIndex = 0; };
		553E5C90CB65492289BEEB77 /* CDVContacts.h */ = {isa = PBXFileReference; name = "CDVContacts.h"; path = "cordova-plugin-contacts/CDVContacts.h"; sourceTree = "<group>"; fileEncoding = 4; lastKnownFileType = sourcecode.c.h; explicitFileType = undefined; includeInIndex = 0; };
		3CE6483266D74FB4BABEB4FF /* CDVContact.h */ = {isa = PBXFileReference; name = "CDVContact.h"; path = "cordova-plugin-contacts/CDVContact.h"; sourceTree = "<group>"; fileEncoding = 4; lastKnownFileType = sourcecode.c.h; explicitFileType = undefined; includeInIndex = 0; };
		2D3D4A7EA886431C9788C5B3 /* AddressBook.framework */ = {isa = PBXFileReference; name = "AddressBook.framework"; path = "System/Library/Frameworks/AddressBook.framework"; sourceTree = SDKROOT; fileEncoding = undefined; lastKnownFileType = wrapper.framework; explicitFileType = undefined; includeInIndex = 0; };
		9E523BA6B86A4147902EE784 /* AddressBookUI.framework */ = {isa = PBXFileReference; name = "AddressBookUI.framework"; path = "System/Library/Frameworks/AddressBookUI.framework"; sourceTree = SDKROOT; fileEncoding = undefined; lastKnownFileType = wrapper.framework; explicitFileType = undefined; includeInIndex = 0; };
		BE3B5713A428478484DAB8D5 /* CDVDevice.m */ = {isa = PBXFileReference; name = "CDVDevice.m"; path = "cordova-plugin-device/CDVDevice.m"; sourceTree = "<group>"; fileEncoding = 4; lastKnownFileType = sourcecode.c.objc; explicitFileType = undefined; includeInIndex = 0; };
		3F4D4DD526864C49A0101B85 /* CDVDevice.h */ = {isa = PBXFileReference; name = "CDVDevice.h"; path = "cordova-plugin-device/CDVDevice.h"; sourceTree = "<group>"; fileEncoding = 4; lastKnownFileType = sourcecode.c.h; explicitFileType = undefined; includeInIndex = 0; };
		EBD444D29A874DE384D0A48C /* CDVAccelerometer.m */ = {isa = PBXFileReference; name = "CDVAccelerometer.m"; path = "cordova-plugin-device-motion/CDVAccelerometer.m"; sourceTree = "<group>"; fileEncoding = 4; lastKnownFileType = sourcecode.c.objc; explicitFileType = undefined; includeInIndex = 0; };
		D9D379A7F1B64012B0425FF0 /* CDVAccelerometer.h */ = {isa = PBXFileReference; name = "CDVAccelerometer.h"; path = "cordova-plugin-device-motion/CDVAccelerometer.h"; sourceTree = "<group>"; fileEncoding = 4; lastKnownFileType = sourcecode.c.h; explicitFileType = undefined; includeInIndex = 0; };
		5F3C462BAB544062835FE3E3 /* CoreMotion.framework */ = {isa = PBXFileReference; name = "CoreMotion.framework"; path = "System/Library/Frameworks/CoreMotion.framework"; sourceTree = SDKROOT; fileEncoding = undefined; lastKnownFileType = wrapper.framework; explicitFileType = undefined; includeInIndex = 0; };
		75073FD41477425099C08D37 /* CDVCompass.m */ = {isa = PBXFileReference; name = "CDVCompass.m"; path = "cordova-plugin-device-orientation/CDVCompass.m"; sourceTree = "<group>"; fileEncoding = 4; lastKnownFileType = sourcecode.c.objc; explicitFileType = undefined; includeInIndex = 0; };
		60C4EEF6079842AA8EF97CAD /* CDVCompass.h */ = {isa = PBXFileReference; name = "CDVCompass.h"; path = "cordova-plugin-device-orientation/CDVCompass.h"; sourceTree = "<group>"; fileEncoding = 4; lastKnownFileType = sourcecode.c.h; explicitFileType = undefined; includeInIndex = 0; };
		C82478CCA2F54FA790A18448 /* CDVNotification.m */ = {isa = PBXFileReference; name = "CDVNotification.m"; path = "cordova-plugin-dialogs/CDVNotification.m"; sourceTree = "<group>"; fileEncoding = 4; lastKnownFileType = sourcecode.c.objc; explicitFileType = undefined; includeInIndex = 0; };
		B158D4AE32DF4C859F0D42C8 /* CDVNotification.h */ = {isa = PBXFileReference; name = "CDVNotification.h"; path = "cordova-plugin-dialogs/CDVNotification.h"; sourceTree = "<group>"; fileEncoding = 4; lastKnownFileType = sourcecode.c.h; explicitFileType = undefined; includeInIndex = 0; };
		2C7DAB3ED0734BD58D57C3AA /* CDVNotification.bundle */ = {isa = PBXFileReference; name = "CDVNotification.bundle"; path = "CDVNotification.bundle"; sourceTree = "<group>"; fileEncoding = undefined; lastKnownFileType = wrapper.plug-in; explicitFileType = undefined; includeInIndex = 0; };
		36E5CB86923942AE95D9557B /* AudioToolbox.framework */ = {isa = PBXFileReference; name = "AudioToolbox.framework"; path = "System/Library/Frameworks/AudioToolbox.framework"; sourceTree = SDKROOT; fileEncoding = undefined; lastKnownFileType = wrapper.framework; explicitFileType = undefined; includeInIndex = 0; };
		9A85E82488C445979794E33C /* CDVFile.m */ = {isa = PBXFileReference; name = "CDVFile.m"; path = "cordova-plugin-file/CDVFile.m"; sourceTree = "<group>"; fileEncoding = 4; lastKnownFileType = sourcecode.c.objc; explicitFileType = undefined; includeInIndex = 0; };
		A768E1FB97794B6D80950E82 /* CDVLocalFilesystem.m */ = {isa = PBXFileReference; name = "CDVLocalFilesystem.m"; path = "cordova-plugin-file/CDVLocalFilesystem.m"; sourceTree = "<group>"; fileEncoding = 4; lastKnownFileType = sourcecode.c.objc; explicitFileType = undefined; includeInIndex = 0; };
		E2FA4455E0CC4861A31DEC02 /* CDVAssetLibraryFilesystem.m */ = {isa = PBXFileReference; name = "CDVAssetLibraryFilesystem.m"; path = "cordova-plugin-file/CDVAssetLibraryFilesystem.m"; sourceTree = "<group>"; fileEncoding = 4; lastKnownFileType = sourcecode.c.objc; explicitFileType = undefined; includeInIndex = 0; };
		C7144BCDC5E248CF9CF8BCCF /* CDVFile.h */ = {isa = PBXFileReference; name = "CDVFile.h"; path = "cordova-plugin-file/CDVFile.h"; sourceTree = "<group>"; fileEncoding = 4; lastKnownFileType = sourcecode.c.h; explicitFileType = undefined; includeInIndex = 0; };
		F236866FB27B4FA6995FB3FC /* CDVLocalFilesystem.h */ = {isa = PBXFileReference; name = "CDVLocalFilesystem.h"; path = "cordova-plugin-file/CDVLocalFilesystem.h"; sourceTree = "<group>"; fileEncoding = 4; lastKnownFileType = sourcecode.c.h; explicitFileType = undefined; includeInIndex = 0; };
		B8838E3C590B4D5F87C60B68 /* CDVAssetLibraryFilesystem.h */ = {isa = PBXFileReference; name = "CDVAssetLibraryFilesystem.h"; path = "cordova-plugin-file/CDVAssetLibraryFilesystem.h"; sourceTree = "<group>"; fileEncoding = 4; lastKnownFileType = sourcecode.c.h; explicitFileType = undefined; includeInIndex = 0; };
		5F95EF68ED8C4D239570F22C /* CDVFileTransfer.m */ = {isa = PBXFileReference; name = "CDVFileTransfer.m"; path = "cordova-plugin-file-transfer/CDVFileTransfer.m"; sourceTree = "<group>"; fileEncoding = 4; lastKnownFileType = sourcecode.c.objc; explicitFileType = undefined; includeInIndex = 0; };
		6AB74D4CEF3A426DB0402A1E /* CDVFileTransfer.h */ = {isa = PBXFileReference; name = "CDVFileTransfer.h"; path = "cordova-plugin-file-transfer/CDVFileTransfer.h"; sourceTree = "<group>"; fileEncoding = 4; lastKnownFileType = sourcecode.c.h; explicitFileType = undefined; includeInIndex = 0; };
		963546EE74AE4F60B84527D7 /* CDVLocation.m */ = {isa = PBXFileReference; name = "CDVLocation.m"; path = "cordova-plugin-geolocation/CDVLocation.m"; sourceTree = "<group>"; fileEncoding = 4; lastKnownFileType = sourcecode.c.objc; explicitFileType = undefined; includeInIndex = 0; };
		9B5E76032AD94778BE31CFE5 /* CDVLocation.h */ = {isa = PBXFileReference; name = "CDVLocation.h"; path = "cordova-plugin-geolocation/CDVLocation.h"; sourceTree = "<group>"; fileEncoding = 4; lastKnownFileType = sourcecode.c.h; explicitFileType = undefined; includeInIndex = 0; };
		483321BA42614683B225E7E4 /* CDVGlobalization.m */ = {isa = PBXFileReference; name = "CDVGlobalization.m"; path = "cordova-plugin-globalization/CDVGlobalization.m"; sourceTree = "<group>"; fileEncoding = 4; lastKnownFileType = sourcecode.c.objc; explicitFileType = undefined; includeInIndex = 0; };
		F374440D3D8E46C29ACD482B /* CDVGlobalization.h */ = {isa = PBXFileReference; name = "CDVGlobalization.h"; path = "cordova-plugin-globalization/CDVGlobalization.h"; sourceTree = "<group>"; fileEncoding = 4; lastKnownFileType = sourcecode.c.h; explicitFileType = undefined; includeInIndex = 0; };
		59AEABFF87A84AEBAC84EA13 /* CDVInAppBrowser.m */ = {isa = PBXFileReference; name = "CDVInAppBrowser.m"; path = "cordova-plugin-inappbrowser/CDVInAppBrowser.m"; sourceTree = "<group>"; fileEncoding = 4; lastKnownFileType = sourcecode.c.objc; explicitFileType = undefined; includeInIndex = 0; };
		C8F83875D025432AA0970189 /* CDVInAppBrowser.h */ = {isa = PBXFileReference; name = "CDVInAppBrowser.h"; path = "cordova-plugin-inappbrowser/CDVInAppBrowser.h"; sourceTree = "<group>"; fileEncoding = 4; lastKnownFileType = sourcecode.c.h; explicitFileType = undefined; includeInIndex = 0; };
		ABC894CB256E4288B8C4E401 /* CDVSound.m */ = {isa = PBXFileReference; name = "CDVSound.m"; path = "cordova-plugin-media/CDVSound.m"; sourceTree = "<group>"; fileEncoding = 4; lastKnownFileType = sourcecode.c.objc; explicitFileType = undefined; includeInIndex = 0; };
		5080F0A1E5EE4E3DA39489B7 /* CDVSound.h */ = {isa = PBXFileReference; name = "CDVSound.h"; path = "cordova-plugin-media/CDVSound.h"; sourceTree = "<group>"; fileEncoding = 4; lastKnownFileType = sourcecode.c.h; explicitFileType = undefined; includeInIndex = 0; };
		C252F1E0B5EF44B8B0D1F044 /* CDVCapture.m */ = {isa = PBXFileReference; name = "CDVCapture.m"; path = "cordova-plugin-media-capture/CDVCapture.m"; sourceTree = "<group>"; fileEncoding = 4; lastKnownFileType = sourcecode.c.objc; explicitFileType = undefined; includeInIndex = 0; };
		063067BD49BB4E17AF4AD448 /* CDVCapture.h */ = {isa = PBXFileReference; name = "CDVCapture.h"; path = "cordova-plugin-media-capture/CDVCapture.h"; sourceTree = "<group>"; fileEncoding = 4; lastKnownFileType = sourcecode.c.h; explicitFileType = undefined; includeInIndex = 0; };
		BD70B6E0F2AC44ACBA0CB314 /* CDVCapture.bundle */ = {isa = PBXFileReference; name = "CDVCapture.bundle"; path = "CDVCapture.bundle"; sourceTree = "<group>"; fileEncoding = undefined; lastKnownFileType = wrapper.plug-in; explicitFileType = undefined; includeInIndex = 0; };
		B0E5DA2E76B447ACA2C7FF9C /* CDVConnection.m */ = {isa = PBXFileReference; name = "CDVConnection.m"; path = "cordova-plugin-network-information/CDVConnection.m"; sourceTree = "<group>"; fileEncoding = 4; lastKnownFileType = sourcecode.c.objc; explicitFileType = undefined; includeInIndex = 0; };
		DAFA72C671BF48C1BB33121C /* CDVReachability.m */ = {isa = PBXFileReference; name = "CDVReachability.m"; path = "cordova-plugin-network-information/CDVReachability.m"; sourceTree = "<group>"; fileEncoding = 4; lastKnownFileType = sourcecode.c.objc; explicitFileType = undefined; includeInIndex = 0; };
		F83D8D2F40BB401880E2D2F4 /* CDVConnection.h */ = {isa = PBXFileReference; name = "CDVConnection.h"; path = "cordova-plugin-network-information/CDVConnection.h"; sourceTree = "<group>"; fileEncoding = 4; lastKnownFileType = sourcecode.c.h; explicitFileType = undefined; includeInIndex = 0; };
		44241C870A3D47FF909ED2AE /* CDVReachability.h */ = {isa = PBXFileReference; name = "CDVReachability.h"; path = "cordova-plugin-network-information/CDVReachability.h"; sourceTree = "<group>"; fileEncoding = 4; lastKnownFileType = sourcecode.c.h; explicitFileType = undefined; includeInIndex = 0; };
		91625AE4FB7C492DA0820D36 /* SystemConfiguration.framework */ = {isa = PBXFileReference; name = "SystemConfiguration.framework"; path = "System/Library/Frameworks/SystemConfiguration.framework"; sourceTree = SDKROOT; fileEncoding = undefined; lastKnownFileType = wrapper.framework; explicitFileType = undefined; includeInIndex = 0; };
		7C19B044CD3A4D67BF069084 /* CoreTelephony.framework */ = {isa = PBXFileReference; name = "CoreTelephony.framework"; path = "System/Library/Frameworks/CoreTelephony.framework"; sourceTree = SDKROOT; fileEncoding = undefined; lastKnownFileType = wrapper.framework; explicitFileType = undefined; includeInIndex = 0; };
		CE8714B6A6A64603811C0EB7 /* CDVSplashScreen.m */ = {isa = PBXFileReference; name = "CDVSplashScreen.m"; path = "cordova-plugin-splashscreen/CDVSplashScreen.m"; sourceTree = "<group>"; fileEncoding = 4; lastKnownFileType = sourcecode.c.objc; explicitFileType = undefined; includeInIndex = 0; };
		C70502CC62A54EE28B80B766 /* CDVViewController+SplashScreen.m */ = {isa = PBXFileReference; name = "CDVViewController+SplashScreen.m"; path = "cordova-plugin-splashscreen/CDVViewController+SplashScreen.m"; sourceTree = "<group>"; fileEncoding = 4; lastKnownFileType = sourcecode.c.objc; explicitFileType = undefined; includeInIndex = 0; };
		FF0FF57A10704B1DBF938F0F /* CDVSplashScreen.h */ = {isa = PBXFileReference; name = "CDVSplashScreen.h"; path = "cordova-plugin-splashscreen/CDVSplashScreen.h"; sourceTree = "<group>"; fileEncoding = 4; lastKnownFileType = sourcecode.c.h; explicitFileType = undefined; includeInIndex = 0; };
		0A02019E2EDE40538AA75192 /* CDVViewController+SplashScreen.h */ = {isa = PBXFileReference; name = "CDVViewController+SplashScreen.h"; path = "cordova-plugin-splashscreen/CDVViewController+SplashScreen.h"; sourceTree = "<group>"; fileEncoding = 4; lastKnownFileType = sourcecode.c.h; explicitFileType = undefined; includeInIndex = 0; };
		756D8CBD91F04D53957A6325 /* CDVStatusBar.m */ = {isa = PBXFileReference; name = "CDVStatusBar.m"; path = "cordova-plugin-statusbar/CDVStatusBar.m"; sourceTree = "<group>"; fileEncoding = 4; lastKnownFileType = sourcecode.c.objc; explicitFileType = undefined; includeInIndex = 0; };
		AFA461B9B9AC4B3FB23FBC8E /* CDVStatusBar.h */ = {isa = PBXFileReference; name = "CDVStatusBar.h"; path = "cordova-plugin-statusbar/CDVStatusBar.h"; sourceTree = "<group>"; fileEncoding = 4; lastKnownFileType = sourcecode.c.h; explicitFileType = undefined; includeInIndex = 0; };
		CCFC43600A724D2FAB8FDAD6 /* CDVVibration.m */ = {isa = PBXFileReference; name = "CDVVibration.m"; path = "cordova-plugin-vibration/CDVVibration.m"; sourceTree = "<group>"; fileEncoding = 4; lastKnownFileType = sourcecode.c.objc; explicitFileType = undefined; includeInIndex = 0; };
		3CBC84AFB5074F328BA3AD51 /* CDVVibration.h */ = {isa = PBXFileReference; name = "CDVVibration.h"; path = "cordova-plugin-vibration/CDVVibration.h"; sourceTree = "<group>"; fileEncoding = 4; lastKnownFileType = sourcecode.c.h; explicitFileType = undefined; includeInIndex = 0; };
/* End PBXFileReference section */

/* Begin PBXFrameworksBuildPhase section */
		1D60588F0D05DD3D006BFB54 /* Frameworks */ = {
			isa = PBXFrameworksBuildPhase;
			buildActionMask = 2147483647;
			files = (
				301BF552109A68D80062928A /* libCordova.a in Frameworks */,
				1B57797A4D9147C3887AEFD5 /* ImageIO.framework in Frameworks */,
				4C6DAE838E2B481783622D87 /* CoreLocation.framework in Frameworks */,
				D4B2E3AFEB144300870025F0 /* AVFoundation.framework in Frameworks */,
				201E3CCE95B443E4979090F1 /* AddressBook.framework in Frameworks */,
				6690BD06F6C1467C8BE89C7A /* AddressBookUI.framework in Frameworks */,
				0BBE71CDBCDD405B994A05EE /* CoreMotion.framework in Frameworks */,
				038691EA4B4B4B2994E73691 /* AudioToolbox.framework in Frameworks */,
				CB36872615A74EC79DA52454 /* SystemConfiguration.framework in Frameworks */,
				A775D412D87A436AA0D256CF /* CoreTelephony.framework in Frameworks */,
			);
			runOnlyForDeploymentPostprocessing = 0;
		};
/* End PBXFrameworksBuildPhase section */

/* Begin PBXGroup section */
		080E96DDFE201D6D7F000001 /* Classes */ = {
			isa = PBXGroup;
			children = (
				302D95EE14D2391D003F00A1 /* MainViewController.h */,
				302D95EF14D2391D003F00A1 /* MainViewController.m */,
				302D95F014D2391D003F00A1 /* MainViewController.xib */,
				1D3623240D0F684500981E51 /* AppDelegate.h */,
				1D3623250D0F684500981E51 /* AppDelegate.m */,
			);
			name = Classes;
			path = "AudioVideoApp/Classes";
			sourceTree = SOURCE_ROOT;
		};
		19C28FACFE9D520D11CA2CBB /* Products */ = {
			isa = PBXGroup;
			children = (
				1D6058910D05DD3D006BFB54 /* AudioVideoApp.app */,
			);
			name = Products;
			sourceTree = "<group>";
		};
		29B97314FDCFA39411CA2CEA /* CustomTemplate */ = {
			isa = PBXGroup;
			children = (
				EB87FDF41871DAF40020F90C /* config.xml */,
				EB87FDF31871DA8E0020F90C /* www */,
				EB87FDF11871DA420020F90C /* Staging */,
				301BF52D109A57CC0062928A /* CordovaLib.xcodeproj */,
				080E96DDFE201D6D7F000001 /* Classes */,
				307C750510C5A3420062BCA9 /* Plugins */,
				29B97315FDCFA39411CA2CEA /* Other Sources */,
				29B97317FDCFA39411CA2CEA /* Resources */,
				29B97323FDCFA39411CA2CEA /* Frameworks */,
				19C28FACFE9D520D11CA2CBB /* Products */,
			);
			name = CustomTemplate;
			sourceTree = "<group>";
		};
		29B97315FDCFA39411CA2CEA /* Other Sources */ = {
			isa = PBXGroup;
			children = (
				32CA4F630368D1EE00C91783 /* AudioVideoApp-Prefix.pch */,
				29B97316FDCFA39411CA2CEA /* main.m */,
				ED33DF2A687741AEAF9F8254 /* Bridging-Header.h */,
			);
			name = "Other Sources";
			path = "AudioVideoApp";
			sourceTree = "<group>";
		};
		29B97317FDCFA39411CA2CEA /* Resources */ = {
			isa = PBXGroup;
			children = (
				0207DA571B56EA530066E2B4 /* Images.xcassets */,
				3047A50E1AB8057F00498E2A /* config */,
				8D1107310486CEB800E47090 /* AudioVideoApp-Info.plist */,
				2C7DAB3ED0734BD58D57C3AA /* CDVNotification.bundle */,
				BD70B6E0F2AC44ACBA0CB314 /* CDVCapture.bundle */,
			);
			name = Resources;
			path = "AudioVideoApp/Resources";
			sourceTree = "<group>";
		};
		29B97323FDCFA39411CA2CEA /* Frameworks */ = {
			isa = PBXGroup;
			children = (
				9FC825C5D90946D5A3C40362 /* ImageIO.framework */,
				A5660B553CE64F488A58757C /* CoreLocation.framework */,
				B7F459237A1A41B18CA4CD1D /* AVFoundation.framework */,
				2D3D4A7EA886431C9788C5B3 /* AddressBook.framework */,
				9E523BA6B86A4147902EE784 /* AddressBookUI.framework */,
				5F3C462BAB544062835FE3E3 /* CoreMotion.framework */,
				36E5CB86923942AE95D9557B /* AudioToolbox.framework */,
				91625AE4FB7C492DA0820D36 /* SystemConfiguration.framework */,
				7C19B044CD3A4D67BF069084 /* CoreTelephony.framework */,
			);
			name = Frameworks;
			sourceTree = "<group>";
		};
		301BF52E109A57CC0062928A /* Products */ = {
			isa = PBXGroup;
			children = (
				301BF535109A57CC0062928A /* libCordova.a */,
			);
			name = Products;
			sourceTree = "<group>";
		};
		3047A50E1AB8057F00498E2A /* config */ = {
			isa = PBXGroup;
			children = (
				3047A50F1AB8059700498E2A /* build-debug.xcconfig */,
				3047A5101AB8059700498E2A /* build-release.xcconfig */,
				3047A5111AB8059700498E2A /* build.xcconfig */,
			);
			name = config;
			sourceTree = "<group>";
		};
		307C750510C5A3420062BCA9 /* Plugins */ = {
			isa = PBXGroup;
			children = (
				9621776D468F4F91B5E3AEE2 /* CDVBattery.m */,
				15240E29B4E7483083D2D5DE /* CDVBattery.h */,
				3BA84D77F20C41C7B9CE8278 /* UIImage+CropScaleOrientation.m */,
				20BE3EA788394D98ACB04BFA /* CDVCamera.m */,
				3D72E39B0CBB448482E467BE /* CDVJpegHeaderWriter.m */,
				7217B31F699B4C8CA9832C15 /* UIImage+CropScaleOrientation.h */,
				AFE9514A7BEA41129E467445 /* CDVCamera.h */,
				3FF3370D822F4507B32F0618 /* CDVJpegHeaderWriter.h */,
				318412AF933A4E5386AEF896 /* CDVExif.h */,
				AC66687781A74FD290B5C421 /* CDVLogger.m */,
				38CA9A23B9E8406BA304720A /* CDVLogger.h */,
				7FE060F6456D4C15B699608B /* CDVContacts.m */,
				7A87EF597A7243B185F80630 /* CDVContact.m */,
				553E5C90CB65492289BEEB77 /* CDVContacts.h */,
				3CE6483266D74FB4BABEB4FF /* CDVContact.h */,
				BE3B5713A428478484DAB8D5 /* CDVDevice.m */,
				3F4D4DD526864C49A0101B85 /* CDVDevice.h */,
				EBD444D29A874DE384D0A48C /* CDVAccelerometer.m */,
				D9D379A7F1B64012B0425FF0 /* CDVAccelerometer.h */,
				75073FD41477425099C08D37 /* CDVCompass.m */,
				60C4EEF6079842AA8EF97CAD /* CDVCompass.h */,
				C82478CCA2F54FA790A18448 /* CDVNotification.m */,
				B158D4AE32DF4C859F0D42C8 /* CDVNotification.h */,
				9A85E82488C445979794E33C /* CDVFile.m */,
				A768E1FB97794B6D80950E82 /* CDVLocalFilesystem.m */,
				E2FA4455E0CC4861A31DEC02 /* CDVAssetLibraryFilesystem.m */,
				C7144BCDC5E248CF9CF8BCCF /* CDVFile.h */,
				F236866FB27B4FA6995FB3FC /* CDVLocalFilesystem.h */,
				B8838E3C590B4D5F87C60B68 /* CDVAssetLibraryFilesystem.h */,
				5F95EF68ED8C4D239570F22C /* CDVFileTransfer.m */,
				6AB74D4CEF3A426DB0402A1E /* CDVFileTransfer.h */,
				963546EE74AE4F60B84527D7 /* CDVLocation.m */,
				9B5E76032AD94778BE31CFE5 /* CDVLocation.h */,
				483321BA42614683B225E7E4 /* CDVGlobalization.m */,
				F374440D3D8E46C29ACD482B /* CDVGlobalization.h */,
				59AEABFF87A84AEBAC84EA13 /* CDVInAppBrowser.m */,
				C8F83875D025432AA0970189 /* CDVInAppBrowser.h */,
				ABC894CB256E4288B8C4E401 /* CDVSound.m */,
				5080F0A1E5EE4E3DA39489B7 /* CDVSound.h */,
				C252F1E0B5EF44B8B0D1F044 /* CDVCapture.m */,
				063067BD49BB4E17AF4AD448 /* CDVCapture.h */,
				B0E5DA2E76B447ACA2C7FF9C /* CDVConnection.m */,
				DAFA72C671BF48C1BB33121C /* CDVReachability.m */,
				F83D8D2F40BB401880E2D2F4 /* CDVConnection.h */,
				44241C870A3D47FF909ED2AE /* CDVReachability.h */,
				CE8714B6A6A64603811C0EB7 /* CDVSplashScreen.m */,
				C70502CC62A54EE28B80B766 /* CDVViewController+SplashScreen.m */,
				FF0FF57A10704B1DBF938F0F /* CDVSplashScreen.h */,
				0A02019E2EDE40538AA75192 /* CDVViewController+SplashScreen.h */,
				756D8CBD91F04D53957A6325 /* CDVStatusBar.m */,
				AFA461B9B9AC4B3FB23FBC8E /* CDVStatusBar.h */,
				CCFC43600A724D2FAB8FDAD6 /* CDVVibration.m */,
				3CBC84AFB5074F328BA3AD51 /* CDVVibration.h */,
			);
			name = Plugins;
			path = "AudioVideoApp/Plugins";
			sourceTree = SOURCE_ROOT;
		};
		EB87FDF11871DA420020F90C /* Staging */ = {
			isa = PBXGroup;
			children = (
				F840E1F0165FE0F500CFE078 /* config.xml */,
				301BF56E109A69640062928A /* www */,
			);
			name = Staging;
			sourceTree = "<group>";
		};
/* End PBXGroup section */

/* Begin PBXNativeTarget section */
		1D6058900D05DD3D006BFB54 /* AudioVideoApp */ = {
			isa = PBXNativeTarget;
			buildConfigurationList = 1D6058960D05DD3E006BFB54 /* Build configuration list for PBXNativeTarget "AudioVideoApp" */;
			buildPhases = (
				304B58A110DAC018002A0835 /* Copy www directory */,
				1D60588D0D05DD3D006BFB54 /* Resources */,
				1D60588E0D05DD3D006BFB54 /* Sources */,
				1D60588F0D05DD3D006BFB54 /* Frameworks */,
			);
			buildRules = (
			);
			dependencies = (
				301BF551109A68C00062928A /* PBXTargetDependency */,
			);
			name = "AudioVideoApp";
			productName = "AudioVideoApp";
			productReference = 1D6058910D05DD3D006BFB54 /* AudioVideoApp.app */;
			productType = "com.apple.product-type.application";
		};
/* End PBXNativeTarget section */

/* Begin PBXProject section */
		29B97313FDCFA39411CA2CEA /* Project object */ = {
			isa = PBXProject;
			attributes = {
				LastUpgradeCheck = 510;
			};
			buildConfigurationList = C01FCF4E08A954540054247B /* Build configuration list for PBXProject "__NON-CLI__" */;
			compatibilityVersion = "Xcode 3.2";
			developmentRegion = English;
			hasScannedForEncodings = 1;
			mainGroup = 29B97314FDCFA39411CA2CEA /* CustomTemplate */;
			projectDirPath = "";
			projectReferences = (
				{
					ProductGroup = 301BF52E109A57CC0062928A /* Products */;
					ProjectRef = 301BF52D109A57CC0062928A /* CordovaLib.xcodeproj */;
				},
			);
			projectRoot = "";
			targets = (
				1D6058900D05DD3D006BFB54 /* AudioVideoApp */,
			);
		};
/* End PBXProject section */

/* Begin PBXReferenceProxy section */
		301BF535109A57CC0062928A /* libCordova.a */ = {
			isa = PBXReferenceProxy;
			fileType = archive.ar;
			path = libCordova.a;
			remoteRef = 301BF534109A57CC0062928A /* PBXContainerItemProxy */;
			sourceTree = BUILT_PRODUCTS_DIR;
		};
/* End PBXReferenceProxy section */

/* Begin PBXResourcesBuildPhase section */
		1D60588D0D05DD3D006BFB54 /* Resources */ = {
			isa = PBXResourcesBuildPhase;
			buildActionMask = 2147483647;
			files = (
				302D95F214D2391D003F00A1 /* MainViewController.xib in Resources */,
				3047A5131AB8059700498E2A /* build-release.xcconfig in Resources */,
				3047A5141AB8059700498E2A /* build.xcconfig in Resources */,
				0207DA581B56EA530066E2B4 /* Images.xcassets in Resources */,
				3047A5121AB8059700498E2A /* build-debug.xcconfig in Resources */,
				1F4D0EDA532E488EAC32CE81 /* CDVNotification.bundle in Resources */,
				5964611290B34BD39264225A /* CDVCapture.bundle in Resources */,
			);
			runOnlyForDeploymentPostprocessing = 0;
		};
/* End PBXResourcesBuildPhase section */

/* Begin PBXShellScriptBuildPhase section */
		304B58A110DAC018002A0835 /* Copy www directory */ = {
			isa = PBXShellScriptBuildPhase;
			buildActionMask = 2147483647;
			files = (
			);
			inputPaths = (
			);
			name = "Copy www directory";
			outputPaths = (
			);
			runOnlyForDeploymentPostprocessing = 0;
			shellPath = /bin/sh;
			shellScript = "NODEJS_PATH=/usr/local/bin; NVM_NODE_PATH=~/.nvm/versions/node/`nvm version 2>/dev/null`/bin; N_NODE_PATH=`find /usr/local/n/versions/node/* -maxdepth 0 -type d 2>/dev/null | tail -1`/bin; XCODE_NODE_PATH=`xcode-select --print-path`/usr/share/xcs/Node/bin; PATH=$NODEJS_PATH:$NVM_NODE_PATH:$N_NODE_PATH:$XCODE_NODE_PATH:$PATH && node cordova/lib/copy-www-build-step.js";
			showEnvVarsInLog = 0;
		};
/* End PBXShellScriptBuildPhase section */

/* Begin PBXSourcesBuildPhase section */
		1D60588E0D05DD3D006BFB54 /* Sources */ = {
			isa = PBXSourcesBuildPhase;
			buildActionMask = 2147483647;
			files = (
				1D60589B0D05DD56006BFB54 /* main.m in Sources */,
				1D3623260D0F684500981E51 /* AppDelegate.m in Sources */,
				302D95F114D2391D003F00A1 /* MainViewController.m in Sources */,
				C9CD1AFC335241A3B32422EC /* CDVBattery.m in Sources */,
				92326534FDCB4EE2A15CCD46 /* UIImage+CropScaleOrientation.m in Sources */,
				885F7C32CF5D4C3C80B7947A /* CDVCamera.m in Sources */,
				E0D86898E77D438B86764BE8 /* CDVJpegHeaderWriter.m in Sources */,
				AB984560A19F48999A384D52 /* CDVLogger.m in Sources */,
				8F3D84A5A11F4113BC0556ED /* CDVContacts.m in Sources */,
				C44B8BC929FB4A5C8F8C2DFD /* CDVContact.m in Sources */,
				3AC56F7F18214930A04BE725 /* CDVDevice.m in Sources */,
				569AC022C9CB47BF995865C1 /* CDVAccelerometer.m in Sources */,
				FF7FEA6029CA4102A7726806 /* CDVCompass.m in Sources */,
				3D55A1F8B317435A833736A4 /* CDVNotification.m in Sources */,
				53F7945D820F446586B0EB4F /* CDVFile.m in Sources */,
				224F4E95F7F84537ABDD274E /* CDVLocalFilesystem.m in Sources */,
				BB53C1576C894A119748CE63 /* CDVAssetLibraryFilesystem.m in Sources */,
				1E907D6E0F5446A7A7CADE18 /* CDVFileTransfer.m in Sources */,
				6C4AFEB007F34C72A59944E0 /* CDVLocation.m in Sources */,
				2D177E4AB04C4CECA6FCD191 /* CDVGlobalization.m in Sources */,
				DE97C0C20A984123A966FC20 /* CDVInAppBrowser.m in Sources */,
				D6DD46810F4A4F64B0BE0860 /* CDVSound.m in Sources */,
				61973494A94B438A9566A292 /* CDVCapture.m in Sources */,
				326DD644E03E4F0CA26A311B /* CDVConnection.m in Sources */,
				6AAEBCC49F674E4083CF38F8 /* CDVReachability.m in Sources */,
				1D660C3C339A429CB27E90FB /* CDVSplashScreen.m in Sources */,
				86C09C07FDD04DD5B799E666 /* CDVViewController+SplashScreen.m in Sources */,
				5683A66BDA344A069880437A /* CDVStatusBar.m in Sources */,
				109F7F75466A45239E3A061A /* CDVVibration.m in Sources */,
			);
			runOnlyForDeploymentPostprocessing = 0;
		};
/* End PBXSourcesBuildPhase section */

/* Begin PBXTargetDependency section */
		301BF551109A68C00062928A /* PBXTargetDependency */ = {
			isa = PBXTargetDependency;
			name = CordovaLib;
			targetProxy = 301BF550109A68C00062928A /* PBXContainerItemProxy */;
		};
/* End PBXTargetDependency section */

/* Begin XCBuildConfiguration section */
		1D6058940D05DD3E006BFB54 /* Debug */ = {
			isa = XCBuildConfiguration;
			baseConfigurationReference = 3047A50F1AB8059700498E2A /* build-debug.xcconfig */;
			buildSettings = {
				ALWAYS_SEARCH_USER_PATHS = NO;
				ASSETCATALOG_COMPILER_APPICON_NAME = AppIcon;
				ASSETCATALOG_COMPILER_LAUNCHIMAGE_NAME = LaunchImage;
				CLANG_ENABLE_MODULES = YES;
				CLANG_ENABLE_OBJC_ARC = YES;
				COPY_PHASE_STRIP = NO;
				GCC_DYNAMIC_NO_PIC = NO;
				GCC_OPTIMIZATION_LEVEL = 0;
				GCC_PRECOMPILE_PREFIX_HEADER = YES;
				GCC_PREFIX_HEADER = "AudioVideoApp/AudioVideoApp-Prefix.pch";
				GCC_THUMB_SUPPORT = NO;
				GCC_VERSION = "";
				INFOPLIST_FILE = "AudioVideoApp/AudioVideoApp-Info.plist";
				LD_RUNPATH_SEARCH_PATHS = "@executable_path/Frameworks";
				PRODUCT_NAME = "AudioVideoApp";
			};
			name = Debug;
		};
		1D6058950D05DD3E006BFB54 /* Release */ = {
			isa = XCBuildConfiguration;
			baseConfigurationReference = 3047A5101AB8059700498E2A /* build-release.xcconfig */;
			buildSettings = {
				ALWAYS_SEARCH_USER_PATHS = NO;
				ASSETCATALOG_COMPILER_APPICON_NAME = AppIcon;
				ASSETCATALOG_COMPILER_LAUNCHIMAGE_NAME = LaunchImage;
				CLANG_ENABLE_MODULES = YES;
				CLANG_ENABLE_OBJC_ARC = YES;
				COPY_PHASE_STRIP = YES;
				GCC_PRECOMPILE_PREFIX_HEADER = YES;
				GCC_PREFIX_HEADER = "AudioVideoApp/AudioVideoApp-Prefix.pch";
				GCC_THUMB_SUPPORT = NO;
				GCC_VERSION = "";
				INFOPLIST_FILE = "AudioVideoApp/AudioVideoApp-Info.plist";
				PRODUCT_NAME = "AudioVideoApp";
			};
			name = Release;
		};
		C01FCF4F08A954540054247B /* Debug */ = {
			isa = XCBuildConfiguration;
			baseConfigurationReference = 3047A5111AB8059700498E2A /* build.xcconfig */;
			buildSettings = {
				CLANG_ENABLE_MODULES = YES;
				CLANG_ENABLE_OBJC_ARC = YES;
				CLANG_WARN_BOOL_CONVERSION = YES;
				CLANG_WARN_CONSTANT_CONVERSION = YES;
				CLANG_WARN_EMPTY_BODY = YES;
				CLANG_WARN_ENUM_CONVERSION = YES;
				CLANG_WARN_INT_CONVERSION = YES;
				CLANG_WARN__DUPLICATE_METHOD_MATCH = YES;
				GCC_C_LANGUAGE_STANDARD = c99;
				GCC_THUMB_SUPPORT = NO;
				GCC_VERSION = "";
				GCC_WARN_ABOUT_RETURN_TYPE = YES;
				GCC_WARN_UNDECLARED_SELECTOR = YES;
				GCC_WARN_UNINITIALIZED_AUTOS = YES;
				GCC_WARN_UNUSED_FUNCTION = YES;
				GCC_WARN_UNUSED_VARIABLE = YES;
				ONLY_ACTIVE_ARCH = YES;
				SDKROOT = iphoneos;
				SKIP_INSTALL = NO;
			};
			name = Debug;
		};
		C01FCF5008A954540054247B /* Release */ = {
			isa = XCBuildConfiguration;
			baseConfigurationReference = 3047A5111AB8059700498E2A /* build.xcconfig */;
			buildSettings = {
				CLANG_ENABLE_MODULES = YES;
				CLANG_ENABLE_OBJC_ARC = YES;
				CLANG_WARN_BOOL_CONVERSION = YES;
				CLANG_WARN_CONSTANT_CONVERSION = YES;
				CLANG_WARN_EMPTY_BODY = YES;
				CLANG_WARN_ENUM_CONVERSION = YES;
				CLANG_WARN_INT_CONVERSION = YES;
				CLANG_WARN__DUPLICATE_METHOD_MATCH = YES;
				GCC_C_LANGUAGE_STANDARD = c99;
				GCC_THUMB_SUPPORT = NO;
				GCC_VERSION = "";
				GCC_WARN_ABOUT_RETURN_TYPE = YES;
				GCC_WARN_UNDECLARED_SELECTOR = YES;
				GCC_WARN_UNINITIALIZED_AUTOS = YES;
				GCC_WARN_UNUSED_FUNCTION = YES;
				GCC_WARN_UNUSED_VARIABLE = YES;
				SDKROOT = iphoneos;
				SKIP_INSTALL = NO;
			};
			name = Release;
		};
/* End XCBuildConfiguration section */

/* Begin XCConfigurationList section */
		1D6058960D05DD3E006BFB54 /* Build configuration list for PBXNativeTarget "AudioVideoApp" */ = {
			isa = XCConfigurationList;
			buildConfigurations = (
				1D6058940D05DD3E006BFB54 /* Debug */,
				1D6058950D05DD3E006BFB54 /* Release */,
			);
			defaultConfigurationIsVisible = 0;
			defaultConfigurationName = Release;
		};
		C01FCF4E08A954540054247B /* Build configuration list for PBXProject "__NON-CLI__" */ = {
			isa = XCConfigurationList;
			buildConfigurations = (
				C01FCF4F08A954540054247B /* Debug */,
				C01FCF5008A954540054247B /* Release */,
			);
			defaultConfigurationIsVisible = 0;
			defaultConfigurationName = Release;
		};
/* End XCConfigurationList section */
	};
	rootObject = 29B97313FDCFA39411CA2CEA /* Project object */;
}
