// !$*UTF8*$!
{
	archiveVersion = 1;
	classes = {
	};
	objectVersion = 46;
	objects = {
/* Begin PBXBuildFile section */
		0207DA581B56EA530066E2B4 /* Images.xcassets in Resources */ = {isa = PBXBuildFile; fileRef = 0207DA571B56EA530066E2B4 /* Images.xcassets */; };
		1D3623260D0F684500981E51 /* AppDelegate.m in Sources */ = {isa = PBXBuildFile; fileRef = 1D3623250D0F684500981E51 /* AppDelegate.m */; };
		1D60589B0D05DD56006BFB54 /* main.m in Sources */ = {isa = PBXBuildFile; fileRef = 29B97316FDCFA39411CA2CEA /* main.m */; };
		301BF552109A68D80062928A /* libCordova.a in Frameworks */ = {isa = PBXBuildFile; fileRef = 301BF535109A57CC0062928A /* libCordova.a */; };
		302D95F114D2391D003F00A1 /* MainViewController.m in Sources */ = {isa = PBXBuildFile; fileRef = 302D95EF14D2391D003F00A1 /* MainViewController.m */; };
		302D95F214D2391D003F00A1 /* MainViewController.xib in Resources */ = {isa = PBXBuildFile; fileRef = 302D95F014D2391D003F00A1 /* MainViewController.xib */; };
		3047A5121AB8059700498E2A /* build-debug.xcconfig in Resources */ = {isa = PBXBuildFile; fileRef = 3047A50F1AB8059700498E2A /* build-debug.xcconfig */; };
		3047A5131AB8059700498E2A /* build-release.xcconfig in Resources */ = {isa = PBXBuildFile; fileRef = 3047A5101AB8059700498E2A /* build-release.xcconfig */; };
		3047A5141AB8059700498E2A /* build.xcconfig in Resources */ = {isa = PBXBuildFile; fileRef = 3047A5111AB8059700498E2A /* build.xcconfig */; };
		69AC99DFC0F24A0791C0CDD7 /* CDVBattery.m in Sources */ = {isa = PBXBuildFile; fileRef = 6BE2F157BA5847B9B750A004 /* CDVBattery.m */; };
		9124925733364BA69A966EA9 /* UIImage+CropScaleOrientation.m in Sources */ = {isa = PBXBuildFile; fileRef = 9EEC20212C4E4B7BADC9A72F /* UIImage+CropScaleOrientation.m */; };
		BDF6880C3C794C568C2710AD /* CDVCamera.m in Sources */ = {isa = PBXBuildFile; fileRef = D4DDF334F94C48C7A396E42F /* CDVCamera.m */; };
		58311020EF5A4F8B9D666D1E /* CDVJpegHeaderWriter.m in Sources */ = {isa = PBXBuildFile; fileRef = DEA241BB8ED44AAF99A99039 /* CDVJpegHeaderWriter.m */; };
		86ED56EDCCE9459AA7578F40 /* ImageIO.framework in Frameworks */ = {isa = PBXBuildFile; fileRef = E424A403AEDB45D59FDC0BC4 /* ImageIO.framework */; settings = {ATTRIBUTES = (Weak, ); }; };
		AD8B1278595549A18DA89759 /* CoreLocation.framework in Frameworks */ = {isa = PBXBuildFile; fileRef = 91A9F02FA7A44D4D9D4CF330 /* CoreLocation.framework */; };
		E4A3C17E37C8497D91F73608 /* AVFoundation.framework in Frameworks */ = {isa = PBXBuildFile; fileRef = 6D99A276FC404D4EBAE74AD0 /* AVFoundation.framework */; };
		2C0C8A7C086C4C2A9E736563 /* CDVLogger.m in Sources */ = {isa = PBXBuildFile; fileRef = 85014871854345E68BD98798 /* CDVLogger.m */; };
		F2F06968A0D94F178FC337AE /* CDVContacts.m in Sources */ = {isa = PBXBuildFile; fileRef = C8027D497C0E42258A2BFF5B /* CDVContacts.m */; };
		0D798818F1064FBAB2C3FBEF /* CDVContact.m in Sources */ = {isa = PBXBuildFile; fileRef = 0E09F7909A094C48931F964E /* CDVContact.m */; };
		168437AF6A9742CABDC4F70A /* AddressBook.framework in Frameworks */ = {isa = PBXBuildFile; fileRef = 098499F6F57C4C17B5D2380F /* AddressBook.framework */; settings = {ATTRIBUTES = (Weak, ); }; };
		257BD79DE93949AC911D508D /* AddressBookUI.framework in Frameworks */ = {isa = PBXBuildFile; fileRef = 5F84DF26B6884E9E98297216 /* AddressBookUI.framework */; settings = {ATTRIBUTES = (Weak, ); }; };
		D40759B3ED6C4094A92F7009 /* CDVDevice.m in Sources */ = {isa = PBXBuildFile; fileRef = DF828700182A41F4803CD486 /* CDVDevice.m */; };
		5E09B838A645487981B449CE /* CDVAccelerometer.m in Sources */ = {isa = PBXBuildFile; fileRef = 927DD83182D6480C954D8240 /* CDVAccelerometer.m */; };
		0A532E57E8E5402290508DBD /* CoreMotion.framework in Frameworks */ = {isa = PBXBuildFile; fileRef = E65DA7803FC340F1953F9C0E /* CoreMotion.framework */; };
		0277903D2F454CB99269CA89 /* CDVCompass.m in Sources */ = {isa = PBXBuildFile; fileRef = 37099F45DE4F487DA6BE6779 /* CDVCompass.m */; };
		26F6ACF4597A41E6B6C6F39F /* CDVNotification.m in Sources */ = {isa = PBXBuildFile; fileRef = 4DD0FB7549C84077A3DD7D5B /* CDVNotification.m */; };
		EF7A34B621BE4578BCF35774 /* CDVNotification.bundle in Resources */ = {isa = PBXBuildFile; fileRef = ADFFC3ECD5FD4D5991311467 /* CDVNotification.bundle */; };
		8E38BB87C4F14BCCA56B4C11 /* AudioToolbox.framework in Frameworks */ = {isa = PBXBuildFile; fileRef = FB8D925047F342DD9A3E85A7 /* AudioToolbox.framework */; settings = {ATTRIBUTES = (Weak, ); }; };
		8E2A73D53E61452197EA13D7 /* CDVFile.m in Sources */ = {isa = PBXBuildFile; fileRef = 4964BE2AEAD142F188C9E5E8 /* CDVFile.m */; };
		B594A33185A94228B04C38ED /* CDVLocalFilesystem.m in Sources */ = {isa = PBXBuildFile; fileRef = DF83A4922ED74AA3ADF2E763 /* CDVLocalFilesystem.m */; };
		AF294F5C4BDA49CE93F673BA /* CDVAssetLibraryFilesystem.m in Sources */ = {isa = PBXBuildFile; fileRef = 150BD5A573724BB3A7ACEA00 /* CDVAssetLibraryFilesystem.m */; };
		2AFCEBFB5441483E892E18BD /* CDVFileTransfer.m in Sources */ = {isa = PBXBuildFile; fileRef = 7E6116690453478196D1DDE3 /* CDVFileTransfer.m */; };
		55C2E8F7E0194093935FBCE4 /* CDVLocation.m in Sources */ = {isa = PBXBuildFile; fileRef = C39BE04ACD9C46CF9497E50C /* CDVLocation.m */; };
		321B37276E68424FBA5F6EC7 /* CDVGlobalization.m in Sources */ = {isa = PBXBuildFile; fileRef = DBB80C3D46574A6C812C8921 /* CDVGlobalization.m */; };
		D6C1088D79684DAB98A55799 /* CDVInAppBrowser.m in Sources */ = {isa = PBXBuildFile; fileRef = 159B97E6743F4E3BBB9F502B /* CDVInAppBrowser.m */; };
		20D51383697944599AF98A3B /* CDVSound.m in Sources */ = {isa = PBXBuildFile; fileRef = 0EEA77EA127F42B4B8F247E6 /* CDVSound.m */; };
		8B8CAF0BADD64251971BA0FB /* CDVCapture.m in Sources */ = {isa = PBXBuildFile; fileRef = 216E8D87099E4C46A088C475 /* CDVCapture.m */; };
		497AFF412A3E4DF8893F71A6 /* CDVCapture.bundle in Resources */ = {isa = PBXBuildFile; fileRef = BAC1B386336B4EFC905C8ECE /* CDVCapture.bundle */; };
		97106432F9624A7BA499FF18 /* CDVConnection.m in Sources */ = {isa = PBXBuildFile; fileRef = 38C89D7D011A44C9BECC007B /* CDVConnection.m */; };
		82F2E4ECA7A54B968D482820 /* CDVReachability.m in Sources */ = {isa = PBXBuildFile; fileRef = BC6927094C49407E94D37F42 /* CDVReachability.m */; };
		1D8019A1255D4B6D8E6F42DF /* SystemConfiguration.framework in Frameworks */ = {isa = PBXBuildFile; fileRef = 8C23486B5542431DB899F5E3 /* SystemConfiguration.framework */; settings = {ATTRIBUTES = (Weak, ); }; };
		7796F238204E4A1E87768CC7 /* CoreTelephony.framework in Frameworks */ = {isa = PBXBuildFile; fileRef = F4670BB51AB54F1F8D445A95 /* CoreTelephony.framework */; };
		D8FFE3A9B3984EFFB357073E /* CDVSplashScreen.m in Sources */ = {isa = PBXBuildFile; fileRef = 32473ED0CF1C47BA88CEA209 /* CDVSplashScreen.m */; };
		5E80F8DE674F4898B0FF5495 /* CDVViewController+SplashScreen.m in Sources */ = {isa = PBXBuildFile; fileRef = 11FC63111B0442F398F2E2CF /* CDVViewController+SplashScreen.m */; };
		55889ACBE8594AA1BF869096 /* CDVStatusBar.m in Sources */ = {isa = PBXBuildFile; fileRef = 2068575BD4B74ABEA2605774 /* CDVStatusBar.m */; };
		95FD26A6B14C43E98A8518C1 /* CDVVibration.m in Sources */ = {isa = PBXBuildFile; fileRef = 940B6CF6A51B44D4B1E3CB87 /* CDVVibration.m */; };
/* End PBXBuildFile section */

/* Begin PBXContainerItemProxy section */
		301BF534109A57CC0062928A /* PBXContainerItemProxy */ = {
			isa = PBXContainerItemProxy;
			containerPortal = 301BF52D109A57CC0062928A /* CordovaLib.xcodeproj */;
			proxyType = 2;
			remoteGlobalIDString = D2AAC07E0554694100DB518D;
			remoteInfo = CordovaLib;
		};
		301BF550109A68C00062928A /* PBXContainerItemProxy */ = {
			isa = PBXContainerItemProxy;
			containerPortal = 301BF52D109A57CC0062928A /* CordovaLib.xcodeproj */;
			proxyType = 1;
			remoteGlobalIDString = D2AAC07D0554694100DB518D;
			remoteInfo = CordovaLib;
		};
/* End PBXContainerItemProxy section */

/* Begin PBXFileReference section */
		0207DA571B56EA530066E2B4 /* Images.xcassets */ = {isa = PBXFileReference; lastKnownFileType = folder.assetcatalog; name = Images.xcassets; path = "Smile/Images.xcassets"; sourceTree = SOURCE_ROOT; };
		1D3623240D0F684500981E51 /* AppDelegate.h */ = {isa = PBXFileReference; fileEncoding = 4; lastKnownFileType = sourcecode.c.h; path = AppDelegate.h; sourceTree = "<group>"; };
		1D3623250D0F684500981E51 /* AppDelegate.m */ = {isa = PBXFileReference; fileEncoding = 4; lastKnownFileType = sourcecode.c.objc; path = AppDelegate.m; sourceTree = "<group>"; };
		1D6058910D05DD3D006BFB54 /* Smile.app */ = {isa = PBXFileReference; explicitFileType = wrapper.application; includeInIndex = 0; path = "Smile.app"; sourceTree = BUILT_PRODUCTS_DIR; };
		29B97316FDCFA39411CA2CEA /* main.m */ = {isa = PBXFileReference; fileEncoding = 4; lastKnownFileType = sourcecode.c.objc; path = main.m; sourceTree = "<group>"; };
		301BF52D109A57CC0062928A /* CordovaLib.xcodeproj */ = {isa = PBXFileReference; lastKnownFileType = "wrapper.pb-project"; name = CordovaLib.xcodeproj; path = CordovaLib/CordovaLib.xcodeproj; sourceTree = "<group>"; };
		301BF56E109A69640062928A /* www */ = {isa = PBXFileReference; lastKnownFileType = folder; path = www; sourceTree = SOURCE_ROOT; };
		302D95EE14D2391D003F00A1 /* MainViewController.h */ = {isa = PBXFileReference; fileEncoding = 4; lastKnownFileType = sourcecode.c.h; path = MainViewController.h; sourceTree = "<group>"; };
		302D95EF14D2391D003F00A1 /* MainViewController.m */ = {isa = PBXFileReference; fileEncoding = 4; lastKnownFileType = sourcecode.c.objc; path = MainViewController.m; sourceTree = "<group>"; };
		302D95F014D2391D003F00A1 /* MainViewController.xib */ = {isa = PBXFileReference; fileEncoding = 4; lastKnownFileType = file.xib; path = MainViewController.xib; sourceTree = "<group>"; };
		3047A50F1AB8059700498E2A /* build-debug.xcconfig */ = {isa = PBXFileReference; fileEncoding = 4; lastKnownFileType = text.xcconfig; name = "build-debug.xcconfig"; path = cordova/build-debug.xcconfig; sourceTree = SOURCE_ROOT; };
		3047A5101AB8059700498E2A /* build-release.xcconfig */ = {isa = PBXFileReference; fileEncoding = 4; lastKnownFileType = text.xcconfig; name = "build-release.xcconfig"; path = cordova/build-release.xcconfig; sourceTree = SOURCE_ROOT; };
		3047A5111AB8059700498E2A /* build.xcconfig */ = {isa = PBXFileReference; fileEncoding = 4; lastKnownFileType = text.xcconfig; name = build.xcconfig; path = cordova/build.xcconfig; sourceTree = SOURCE_ROOT; };
		32CA4F630368D1EE00C91783 /* Smile-Prefix.pch */ = {isa = PBXFileReference; fileEncoding = 4; lastKnownFileType = sourcecode.c.h; path = "Smile-Prefix.pch"; sourceTree = "<group>"; };
		8D1107310486CEB800E47090 /* Smile-Info.plist */ = {isa = PBXFileReference; fileEncoding = 4; lastKnownFileType = text.plist.xml; name = "Smile-Info.plist"; path = "Smile/Smile-Info.plist"; plistStructureDefinitionIdentifier = "com.apple.xcode.plist.structure-definition.iphone.info-plist"; sourceTree = SOURCE_ROOT; };
		EB87FDF31871DA8E0020F90C /* www */ = {isa = PBXFileReference; lastKnownFileType = folder; name = www; path = ../../www; sourceTree = "<group>"; };
		EB87FDF41871DAF40020F90C /* config.xml */ = {isa = PBXFileReference; lastKnownFileType = text.xml; name = config.xml; path = ../../config.xml; sourceTree = "<group>"; };
		F840E1F0165FE0F500CFE078 /* config.xml */ = {isa = PBXFileReference; lastKnownFileType = text.xml; name = config.xml; path = "Smile/config.xml"; sourceTree = "<group>"; };
		ED33DF2A687741AEAF9F8254 /* Bridging-Header.h */ = {isa = PBXFileReference; fileEncoding = 4; lastKnownFileType = sourcecode.c.h; name = "Bridging-Header.h"; path = "Bridging-Header.h"; sourceTree = "<group>"; };
		6BE2F157BA5847B9B750A004 /* CDVBattery.m */ = {isa = PBXFileReference; name = "CDVBattery.m"; path = "cordova-plugin-battery-status/CDVBattery.m"; sourceTree = "<group>"; fileEncoding = 4; lastKnownFileType = sourcecode.c.objc; explicitFileType = undefined; includeInIndex = 0; };
		910EA6C25E344C91835BE394 /* CDVBattery.h */ = {isa = PBXFileReference; name = "CDVBattery.h"; path = "cordova-plugin-battery-status/CDVBattery.h"; sourceTree = "<group>"; fileEncoding = 4; lastKnownFileType = sourcecode.c.h; explicitFileType = undefined; includeInIndex = 0; };
		9EEC20212C4E4B7BADC9A72F /* UIImage+CropScaleOrientation.m */ = {isa = PBXFileReference; name = "UIImage+CropScaleOrientation.m"; path = "cordova-plugin-camera/UIImage+CropScaleOrientation.m"; sourceTree = "<group>"; fileEncoding = 4; lastKnownFileType = sourcecode.c.objc; explicitFileType = undefined; includeInIndex = 0; };
		D4DDF334F94C48C7A396E42F /* CDVCamera.m */ = {isa = PBXFileReference; name = "CDVCamera.m"; path = "cordova-plugin-camera/CDVCamera.m"; sourceTree = "<group>"; fileEncoding = 4; lastKnownFileType = sourcecode.c.objc; explicitFileType = undefined; includeInIndex = 0; };
		DEA241BB8ED44AAF99A99039 /* CDVJpegHeaderWriter.m */ = {isa = PBXFileReference; name = "CDVJpegHeaderWriter.m"; path = "cordova-plugin-camera/CDVJpegHeaderWriter.m"; sourceTree = "<group>"; fileEncoding = 4; lastKnownFileType = sourcecode.c.objc; explicitFileType = undefined; includeInIndex = 0; };
		F97C7DFB183E40468621AB5B /* UIImage+CropScaleOrientation.h */ = {isa = PBXFileReference; name = "UIImage+CropScaleOrientation.h"; path = "cordova-plugin-camera/UIImage+CropScaleOrientation.h"; sourceTree = "<group>"; fileEncoding = 4; lastKnownFileType = sourcecode.c.h; explicitFileType = undefined; includeInIndex = 0; };
		AB72AA31DC33420EB7E42643 /* CDVCamera.h */ = {isa = PBXFileReference; name = "CDVCamera.h"; path = "cordova-plugin-camera/CDVCamera.h"; sourceTree = "<group>"; fileEncoding = 4; lastKnownFileType = sourcecode.c.h; explicitFileType = undefined; includeInIndex = 0; };
		43A29F50072D49069531AD89 /* CDVJpegHeaderWriter.h */ = {isa = PBXFileReference; name = "CDVJpegHeaderWriter.h"; path = "cordova-plugin-camera/CDVJpegHeaderWriter.h"; sourceTree = "<group>"; fileEncoding = 4; lastKnownFileType = sourcecode.c.h; explicitFileType = undefined; includeInIndex = 0; };
		D9722377F04D4655B049904C /* CDVExif.h */ = {isa = PBXFileReference; name = "CDVExif.h"; path = "cordova-plugin-camera/CDVExif.h"; sourceTree = "<group>"; fileEncoding = 4; lastKnownFileType = sourcecode.c.h; explicitFileType = undefined; includeInIndex = 0; };
		E424A403AEDB45D59FDC0BC4 /* ImageIO.framework */ = {isa = PBXFileReference; name = "ImageIO.framework"; path = "System/Library/Frameworks/ImageIO.framework"; sourceTree = SDKROOT; fileEncoding = undefined; lastKnownFileType = wrapper.framework; explicitFileType = undefined; includeInIndex = 0; };
		91A9F02FA7A44D4D9D4CF330 /* CoreLocation.framework */ = {isa = PBXFileReference; name = "CoreLocation.framework"; path = "System/Library/Frameworks/CoreLocation.framework"; sourceTree = SDKROOT; fileEncoding = undefined; lastKnownFileType = wrapper.framework; explicitFileType = undefined; includeInIndex = 0; };
		6D99A276FC404D4EBAE74AD0 /* AVFoundation.framework */ = {isa = PBXFileReference; name = "AVFoundation.framework"; path = "System/Library/Frameworks/AVFoundation.framework"; sourceTree = SDKROOT; fileEncoding = undefined; lastKnownFileType = wrapper.framework; explicitFileType = undefined; includeInIndex = 0; };
		85014871854345E68BD98798 /* CDVLogger.m */ = {isa = PBXFileReference; name = "CDVLogger.m"; path = "cordova-plugin-console/CDVLogger.m"; sourceTree = "<group>"; fileEncoding = 4; lastKnownFileType = sourcecode.c.objc; explicitFileType = undefined; includeInIndex = 0; };
		D5878D7C186A4F8BA7A89F85 /* CDVLogger.h */ = {isa = PBXFileReference; name = "CDVLogger.h"; path = "cordova-plugin-console/CDVLogger.h"; sourceTree = "<group>"; fileEncoding = 4; lastKnownFileType = sourcecode.c.h; explicitFileType = undefined; includeInIndex = 0; };
		C8027D497C0E42258A2BFF5B /* CDVContacts.m */ = {isa = PBXFileReference; name = "CDVContacts.m"; path = "cordova-plugin-contacts/CDVContacts.m"; sourceTree = "<group>"; fileEncoding = 4; lastKnownFileType = sourcecode.c.objc; explicitFileType = undefined; includeInIndex = 0; };
		0E09F7909A094C48931F964E /* CDVContact.m */ = {isa = PBXFileReference; name = "CDVContact.m"; path = "cordova-plugin-contacts/CDVContact.m"; sourceTree = "<group>"; fileEncoding = 4; lastKnownFileType = sourcecode.c.objc; explicitFileType = undefined; includeInIndex = 0; };
		8AA74DFBEE904A2D9948E801 /* CDVContacts.h */ = {isa = PBXFileReference; name = "CDVContacts.h"; path = "cordova-plugin-contacts/CDVContacts.h"; sourceTree = "<group>"; fileEncoding = 4; lastKnownFileType = sourcecode.c.h; explicitFileType = undefined; includeInIndex = 0; };
		459FF378CA184128968B99D6 /* CDVContact.h */ = {isa = PBXFileReference; name = "CDVContact.h"; path = "cordova-plugin-contacts/CDVContact.h"; sourceTree = "<group>"; fileEncoding = 4; lastKnownFileType = sourcecode.c.h; explicitFileType = undefined; includeInIndex = 0; };
		098499F6F57C4C17B5D2380F /* AddressBook.framework */ = {isa = PBXFileReference; name = "AddressBook.framework"; path = "System/Library/Frameworks/AddressBook.framework"; sourceTree = SDKROOT; fileEncoding = undefined; lastKnownFileType = wrapper.framework; explicitFileType = undefined; includeInIndex = 0; };
		5F84DF26B6884E9E98297216 /* AddressBookUI.framework */ = {isa = PBXFileReference; name = "AddressBookUI.framework"; path = "System/Library/Frameworks/AddressBookUI.framework"; sourceTree = SDKROOT; fileEncoding = undefined; lastKnownFileType = wrapper.framework; explicitFileType = undefined; includeInIndex = 0; };
		DF828700182A41F4803CD486 /* CDVDevice.m */ = {isa = PBXFileReference; name = "CDVDevice.m"; path = "cordova-plugin-device/CDVDevice.m"; sourceTree = "<group>"; fileEncoding = 4; lastKnownFileType = sourcecode.c.objc; explicitFileType = undefined; includeInIndex = 0; };
		B86785B319CE47B892A7B499 /* CDVDevice.h */ = {isa = PBXFileReference; name = "CDVDevice.h"; path = "cordova-plugin-device/CDVDevice.h"; sourceTree = "<group>"; fileEncoding = 4; lastKnownFileType = sourcecode.c.h; explicitFileType = undefined; includeInIndex = 0; };
		927DD83182D6480C954D8240 /* CDVAccelerometer.m */ = {isa = PBXFileReference; name = "CDVAccelerometer.m"; path = "cordova-plugin-device-motion/CDVAccelerometer.m"; sourceTree = "<group>"; fileEncoding = 4; lastKnownFileType = sourcecode.c.objc; explicitFileType = undefined; includeInIndex = 0; };
		A162071FA30D4B76A1EB4BB4 /* CDVAccelerometer.h */ = {isa = PBXFileReference; name = "CDVAccelerometer.h"; path = "cordova-plugin-device-motion/CDVAccelerometer.h"; sourceTree = "<group>"; fileEncoding = 4; lastKnownFileType = sourcecode.c.h; explicitFileType = undefined; includeInIndex = 0; };
		E65DA7803FC340F1953F9C0E /* CoreMotion.framework */ = {isa = PBXFileReference; name = "CoreMotion.framework"; path = "System/Library/Frameworks/CoreMotion.framework"; sourceTree = SDKROOT; fileEncoding = undefined; lastKnownFileType = wrapper.framework; explicitFileType = undefined; includeInIndex = 0; };
		37099F45DE4F487DA6BE6779 /* CDVCompass.m */ = {isa = PBXFileReference; name = "CDVCompass.m"; path = "cordova-plugin-device-orientation/CDVCompass.m"; sourceTree = "<group>"; fileEncoding = 4; lastKnownFileType = sourcecode.c.objc; explicitFileType = undefined; includeInIndex = 0; };
		BC4E3F566CAA45D28C5E9BCF /* CDVCompass.h */ = {isa = PBXFileReference; name = "CDVCompass.h"; path = "cordova-plugin-device-orientation/CDVCompass.h"; sourceTree = "<group>"; fileEncoding = 4; lastKnownFileType = sourcecode.c.h; explicitFileType = undefined; includeInIndex = 0; };
		4DD0FB7549C84077A3DD7D5B /* CDVNotification.m */ = {isa = PBXFileReference; name = "CDVNotification.m"; path = "cordova-plugin-dialogs/CDVNotification.m"; sourceTree = "<group>"; fileEncoding = 4; lastKnownFileType = sourcecode.c.objc; explicitFileType = undefined; includeInIndex = 0; };
		A177C08D3BA44745B5B82699 /* CDVNotification.h */ = {isa = PBXFileReference; name = "CDVNotification.h"; path = "cordova-plugin-dialogs/CDVNotification.h"; sourceTree = "<group>"; fileEncoding = 4; lastKnownFileType = sourcecode.c.h; explicitFileType = undefined; includeInIndex = 0; };
		ADFFC3ECD5FD4D5991311467 /* CDVNotification.bundle */ = {isa = PBXFileReference; name = "CDVNotification.bundle"; path = "CDVNotification.bundle"; sourceTree = "<group>"; fileEncoding = undefined; lastKnownFileType = wrapper.plug-in; explicitFileType = undefined; includeInIndex = 0; };
		FB8D925047F342DD9A3E85A7 /* AudioToolbox.framework */ = {isa = PBXFileReference; name = "AudioToolbox.framework"; path = "System/Library/Frameworks/AudioToolbox.framework"; sourceTree = SDKROOT; fileEncoding = undefined; lastKnownFileType = wrapper.framework; explicitFileType = undefined; includeInIndex = 0; };
		4964BE2AEAD142F188C9E5E8 /* CDVFile.m */ = {isa = PBXFileReference; name = "CDVFile.m"; path = "cordova-plugin-file/CDVFile.m"; sourceTree = "<group>"; fileEncoding = 4; lastKnownFileType = sourcecode.c.objc; explicitFileType = undefined; includeInIndex = 0; };
		DF83A4922ED74AA3ADF2E763 /* CDVLocalFilesystem.m */ = {isa = PBXFileReference; name = "CDVLocalFilesystem.m"; path = "cordova-plugin-file/CDVLocalFilesystem.m"; sourceTree = "<group>"; fileEncoding = 4; lastKnownFileType = sourcecode.c.objc; explicitFileType = undefined; includeInIndex = 0; };
		150BD5A573724BB3A7ACEA00 /* CDVAssetLibraryFilesystem.m */ = {isa = PBXFileReference; name = "CDVAssetLibraryFilesystem.m"; path = "cordova-plugin-file/CDVAssetLibraryFilesystem.m"; sourceTree = "<group>"; fileEncoding = 4; lastKnownFileType = sourcecode.c.objc; explicitFileType = undefined; includeInIndex = 0; };
		64537A7DE1C4419D87DEC14F /* CDVFile.h */ = {isa = PBXFileReference; name = "CDVFile.h"; path = "cordova-plugin-file/CDVFile.h"; sourceTree = "<group>"; fileEncoding = 4; lastKnownFileType = sourcecode.c.h; explicitFileType = undefined; includeInIndex = 0; };
		D433303192ED46BBBE3D8546 /* CDVLocalFilesystem.h */ = {isa = PBXFileReference; name = "CDVLocalFilesystem.h"; path = "cordova-plugin-file/CDVLocalFilesystem.h"; sourceTree = "<group>"; fileEncoding = 4; lastKnownFileType = sourcecode.c.h; explicitFileType = undefined; includeInIndex = 0; };
		7B40332316CF4E4D91A7290C /* CDVAssetLibraryFilesystem.h */ = {isa = PBXFileReference; name = "CDVAssetLibraryFilesystem.h"; path = "cordova-plugin-file/CDVAssetLibraryFilesystem.h"; sourceTree = "<group>"; fileEncoding = 4; lastKnownFileType = sourcecode.c.h; explicitFileType = undefined; includeInIndex = 0; };
		7E6116690453478196D1DDE3 /* CDVFileTransfer.m */ = {isa = PBXFileReference; name = "CDVFileTransfer.m"; path = "cordova-plugin-file-transfer/CDVFileTransfer.m"; sourceTree = "<group>"; fileEncoding = 4; lastKnownFileType = sourcecode.c.objc; explicitFileType = undefined; includeInIndex = 0; };
		DA625EA150F347B08040A3CD /* CDVFileTransfer.h */ = {isa = PBXFileReference; name = "CDVFileTransfer.h"; path = "cordova-plugin-file-transfer/CDVFileTransfer.h"; sourceTree = "<group>"; fileEncoding = 4; lastKnownFileType = sourcecode.c.h; explicitFileType = undefined; includeInIndex = 0; };
		C39BE04ACD9C46CF9497E50C /* CDVLocation.m */ = {isa = PBXFileReference; name = "CDVLocation.m"; path = "cordova-plugin-geolocation/CDVLocation.m"; sourceTree = "<group>"; fileEncoding = 4; lastKnownFileType = sourcecode.c.objc; explicitFileType = undefined; includeInIndex = 0; };
		93B11D99C50B4A3EB711B60B /* CDVLocation.h */ = {isa = PBXFileReference; name = "CDVLocation.h"; path = "cordova-plugin-geolocation/CDVLocation.h"; sourceTree = "<group>"; fileEncoding = 4; lastKnownFileType = sourcecode.c.h; explicitFileType = undefined; includeInIndex = 0; };
		DBB80C3D46574A6C812C8921 /* CDVGlobalization.m */ = {isa = PBXFileReference; name = "CDVGlobalization.m"; path = "cordova-plugin-globalization/CDVGlobalization.m"; sourceTree = "<group>"; fileEncoding = 4; lastKnownFileType = sourcecode.c.objc; explicitFileType = undefined; includeInIndex = 0; };
		8ABB55A102064993A4071C23 /* CDVGlobalization.h */ = {isa = PBXFileReference; name = "CDVGlobalization.h"; path = "cordova-plugin-globalization/CDVGlobalization.h"; sourceTree = "<group>"; fileEncoding = 4; lastKnownFileType = sourcecode.c.h; explicitFileType = undefined; includeInIndex = 0; };
		159B97E6743F4E3BBB9F502B /* CDVInAppBrowser.m */ = {isa = PBXFileReference; name = "CDVInAppBrowser.m"; path = "cordova-plugin-inappbrowser/CDVInAppBrowser.m"; sourceTree = "<group>"; fileEncoding = 4; lastKnownFileType = sourcecode.c.objc; explicitFileType = undefined; includeInIndex = 0; };
		51AFB1466C76421EA52A0270 /* CDVInAppBrowser.h */ = {isa = PBXFileReference; name = "CDVInAppBrowser.h"; path = "cordova-plugin-inappbrowser/CDVInAppBrowser.h"; sourceTree = "<group>"; fileEncoding = 4; lastKnownFileType = sourcecode.c.h; explicitFileType = undefined; includeInIndex = 0; };
		0EEA77EA127F42B4B8F247E6 /* CDVSound.m */ = {isa = PBXFileReference; name = "CDVSound.m"; path = "cordova-plugin-media/CDVSound.m"; sourceTree = "<group>"; fileEncoding = 4; lastKnownFileType = sourcecode.c.objc; explicitFileType = undefined; includeInIndex = 0; };
		1501511481D3455187300228 /* CDVSound.h */ = {isa = PBXFileReference; name = "CDVSound.h"; path = "cordova-plugin-media/CDVSound.h"; sourceTree = "<group>"; fileEncoding = 4; lastKnownFileType = sourcecode.c.h; explicitFileType = undefined; includeInIndex = 0; };
		216E8D87099E4C46A088C475 /* CDVCapture.m */ = {isa = PBXFileReference; name = "CDVCapture.m"; path = "cordova-plugin-media-capture/CDVCapture.m"; sourceTree = "<group>"; fileEncoding = 4; lastKnownFileType = sourcecode.c.objc; explicitFileType = undefined; includeInIndex = 0; };
		520916D5C86E4FAEA5AC3908 /* CDVCapture.h */ = {isa = PBXFileReference; name = "CDVCapture.h"; path = "cordova-plugin-media-capture/CDVCapture.h"; sourceTree = "<group>"; fileEncoding = 4; lastKnownFileType = sourcecode.c.h; explicitFileType = undefined; includeInIndex = 0; };
		BAC1B386336B4EFC905C8ECE /* CDVCapture.bundle */ = {isa = PBXFileReference; name = "CDVCapture.bundle"; path = "CDVCapture.bundle"; sourceTree = "<group>"; fileEncoding = undefined; lastKnownFileType = wrapper.plug-in; explicitFileType = undefined; includeInIndex = 0; };
		38C89D7D011A44C9BECC007B /* CDVConnection.m */ = {isa = PBXFileReference; name = "CDVConnection.m"; path = "cordova-plugin-network-information/CDVConnection.m"; sourceTree = "<group>"; fileEncoding = 4; lastKnownFileType = sourcecode.c.objc; explicitFileType = undefined; includeInIndex = 0; };
		BC6927094C49407E94D37F42 /* CDVReachability.m */ = {isa = PBXFileReference; name = "CDVReachability.m"; path = "cordova-plugin-network-information/CDVReachability.m"; sourceTree = "<group>"; fileEncoding = 4; lastKnownFileType = sourcecode.c.objc; explicitFileType = undefined; includeInIndex = 0; };
		4891BC1241434507AB036628 /* CDVConnection.h */ = {isa = PBXFileReference; name = "CDVConnection.h"; path = "cordova-plugin-network-information/CDVConnection.h"; sourceTree = "<group>"; fileEncoding = 4; lastKnownFileType = sourcecode.c.h; explicitFileType = undefined; includeInIndex = 0; };
		9E328339B65B4962A8FC1C05 /* CDVReachability.h */ = {isa = PBXFileReference; name = "CDVReachability.h"; path = "cordova-plugin-network-information/CDVReachability.h"; sourceTree = "<group>"; fileEncoding = 4; lastKnownFileType = sourcecode.c.h; explicitFileType = undefined; includeInIndex = 0; };
		8C23486B5542431DB899F5E3 /* SystemConfiguration.framework */ = {isa = PBXFileReference; name = "SystemConfiguration.framework"; path = "System/Library/Frameworks/SystemConfiguration.framework"; sourceTree = SDKROOT; fileEncoding = undefined; lastKnownFileType = wrapper.framework; explicitFileType = undefined; includeInIndex = 0; };
		F4670BB51AB54F1F8D445A95 /* CoreTelephony.framework */ = {isa = PBXFileReference; name = "CoreTelephony.framework"; path = "System/Library/Frameworks/CoreTelephony.framework"; sourceTree = SDKROOT; fileEncoding = undefined; lastKnownFileType = wrapper.framework; explicitFileType = undefined; includeInIndex = 0; };
		32473ED0CF1C47BA88CEA209 /* CDVSplashScreen.m */ = {isa = PBXFileReference; name = "CDVSplashScreen.m"; path = "cordova-plugin-splashscreen/CDVSplashScreen.m"; sourceTree = "<group>"; fileEncoding = 4; lastKnownFileType = sourcecode.c.objc; explicitFileType = undefined; includeInIndex = 0; };
		11FC63111B0442F398F2E2CF /* CDVViewController+SplashScreen.m */ = {isa = PBXFileReference; name = "CDVViewController+SplashScreen.m"; path = "cordova-plugin-splashscreen/CDVViewController+SplashScreen.m"; sourceTree = "<group>"; fileEncoding = 4; lastKnownFileType = sourcecode.c.objc; explicitFileType = undefined; includeInIndex = 0; };
		00DEB3566C8D436B87BFECBB /* CDVSplashScreen.h */ = {isa = PBXFileReference; name = "CDVSplashScreen.h"; path = "cordova-plugin-splashscreen/CDVSplashScreen.h"; sourceTree = "<group>"; fileEncoding = 4; lastKnownFileType = sourcecode.c.h; explicitFileType = undefined; includeInIndex = 0; };
		B343BC6189174905ADC1F06A /* CDVViewController+SplashScreen.h */ = {isa = PBXFileReference; name = "CDVViewController+SplashScreen.h"; path = "cordova-plugin-splashscreen/CDVViewController+SplashScreen.h"; sourceTree = "<group>"; fileEncoding = 4; lastKnownFileType = sourcecode.c.h; explicitFileType = undefined; includeInIndex = 0; };
		2068575BD4B74ABEA2605774 /* CDVStatusBar.m */ = {isa = PBXFileReference; name = "CDVStatusBar.m"; path = "cordova-plugin-statusbar/CDVStatusBar.m"; sourceTree = "<group>"; fileEncoding = 4; lastKnownFileType = sourcecode.c.objc; explicitFileType = undefined; includeInIndex = 0; };
		1536A7C542EF4C859E883443 /* CDVStatusBar.h */ = {isa = PBXFileReference; name = "CDVStatusBar.h"; path = "cordova-plugin-statusbar/CDVStatusBar.h"; sourceTree = "<group>"; fileEncoding = 4; lastKnownFileType = sourcecode.c.h; explicitFileType = undefined; includeInIndex = 0; };
		940B6CF6A51B44D4B1E3CB87 /* CDVVibration.m */ = {isa = PBXFileReference; name = "CDVVibration.m"; path = "cordova-plugin-vibration/CDVVibration.m"; sourceTree = "<group>"; fileEncoding = 4; lastKnownFileType = sourcecode.c.objc; explicitFileType = undefined; includeInIndex = 0; };
		8CD0A0E3318F461D97EC5360 /* CDVVibration.h */ = {isa = PBXFileReference; name = "CDVVibration.h"; path = "cordova-plugin-vibration/CDVVibration.h"; sourceTree = "<group>"; fileEncoding = 4; lastKnownFileType = sourcecode.c.h; explicitFileType = undefined; includeInIndex = 0; };
/* End PBXFileReference section */

/* Begin PBXFrameworksBuildPhase section */
		1D60588F0D05DD3D006BFB54 /* Frameworks */ = {
			isa = PBXFrameworksBuildPhase;
			buildActionMask = 2147483647;
			files = (
				301BF552109A68D80062928A /* libCordova.a in Frameworks */,
				86ED56EDCCE9459AA7578F40 /* ImageIO.framework in Frameworks */,
				AD8B1278595549A18DA89759 /* CoreLocation.framework in Frameworks */,
				E4A3C17E37C8497D91F73608 /* AVFoundation.framework in Frameworks */,
				168437AF6A9742CABDC4F70A /* AddressBook.framework in Frameworks */,
				257BD79DE93949AC911D508D /* AddressBookUI.framework in Frameworks */,
				0A532E57E8E5402290508DBD /* CoreMotion.framework in Frameworks */,
				8E38BB87C4F14BCCA56B4C11 /* AudioToolbox.framework in Frameworks */,
				1D8019A1255D4B6D8E6F42DF /* SystemConfiguration.framework in Frameworks */,
				7796F238204E4A1E87768CC7 /* CoreTelephony.framework in Frameworks */,
			);
			runOnlyForDeploymentPostprocessing = 0;
		};
/* End PBXFrameworksBuildPhase section */

/* Begin PBXGroup section */
		080E96DDFE201D6D7F000001 /* Classes */ = {
			isa = PBXGroup;
			children = (
				302D95EE14D2391D003F00A1 /* MainViewController.h */,
				302D95EF14D2391D003F00A1 /* MainViewController.m */,
				302D95F014D2391D003F00A1 /* MainViewController.xib */,
				1D3623240D0F684500981E51 /* AppDelegate.h */,
				1D3623250D0F684500981E51 /* AppDelegate.m */,
			);
			name = Classes;
			path = "Smile/Classes";
			sourceTree = SOURCE_ROOT;
		};
		19C28FACFE9D520D11CA2CBB /* Products */ = {
			isa = PBXGroup;
			children = (
				1D6058910D05DD3D006BFB54 /* Smile.app */,
			);
			name = Products;
			sourceTree = "<group>";
		};
		29B97314FDCFA39411CA2CEA /* CustomTemplate */ = {
			isa = PBXGroup;
			children = (
				EB87FDF41871DAF40020F90C /* config.xml */,
				EB87FDF31871DA8E0020F90C /* www */,
				EB87FDF11871DA420020F90C /* Staging */,
				301BF52D109A57CC0062928A /* CordovaLib.xcodeproj */,
				080E96DDFE201D6D7F000001 /* Classes */,
				307C750510C5A3420062BCA9 /* Plugins */,
				29B97315FDCFA39411CA2CEA /* Other Sources */,
				29B97317FDCFA39411CA2CEA /* Resources */,
				29B97323FDCFA39411CA2CEA /* Frameworks */,
				19C28FACFE9D520D11CA2CBB /* Products */,
			);
			name = CustomTemplate;
			sourceTree = "<group>";
		};
		29B97315FDCFA39411CA2CEA /* Other Sources */ = {
			isa = PBXGroup;
			children = (
				32CA4F630368D1EE00C91783 /* Smile-Prefix.pch */,
				29B97316FDCFA39411CA2CEA /* main.m */,
				ED33DF2A687741AEAF9F8254 /* Bridging-Header.h */,
			);
			name = "Other Sources";
			path = "Smile";
			sourceTree = "<group>";
		};
		29B97317FDCFA39411CA2CEA /* Resources */ = {
			isa = PBXGroup;
			children = (
				0207DA571B56EA530066E2B4 /* Images.xcassets */,
				3047A50E1AB8057F00498E2A /* config */,
				8D1107310486CEB800E47090 /* Smile-Info.plist */,
				ADFFC3ECD5FD4D5991311467 /* CDVNotification.bundle */,
				BAC1B386336B4EFC905C8ECE /* CDVCapture.bundle */,
			);
			name = Resources;
			path = "Smile/Resources";
			sourceTree = "<group>";
		};
		29B97323FDCFA39411CA2CEA /* Frameworks */ = {
			isa = PBXGroup;
			children = (
				E424A403AEDB45D59FDC0BC4 /* ImageIO.framework */,
				91A9F02FA7A44D4D9D4CF330 /* CoreLocation.framework */,
				6D99A276FC404D4EBAE74AD0 /* AVFoundation.framework */,
				098499F6F57C4C17B5D2380F /* AddressBook.framework */,
				5F84DF26B6884E9E98297216 /* AddressBookUI.framework */,
				E65DA7803FC340F1953F9C0E /* CoreMotion.framework */,
				FB8D925047F342DD9A3E85A7 /* AudioToolbox.framework */,
				8C23486B5542431DB899F5E3 /* SystemConfiguration.framework */,
				F4670BB51AB54F1F8D445A95 /* CoreTelephony.framework */,
			);
			name = Frameworks;
			sourceTree = "<group>";
		};
		301BF52E109A57CC0062928A /* Products */ = {
			isa = PBXGroup;
			children = (
				301BF535109A57CC0062928A /* libCordova.a */,
			);
			name = Products;
			sourceTree = "<group>";
		};
		3047A50E1AB8057F00498E2A /* config */ = {
			isa = PBXGroup;
			children = (
				3047A50F1AB8059700498E2A /* build-debug.xcconfig */,
				3047A5101AB8059700498E2A /* build-release.xcconfig */,
				3047A5111AB8059700498E2A /* build.xcconfig */,
			);
			name = config;
			sourceTree = "<group>";
		};
		307C750510C5A3420062BCA9 /* Plugins */ = {
			isa = PBXGroup;
			children = (
				6BE2F157BA5847B9B750A004 /* CDVBattery.m */,
				910EA6C25E344C91835BE394 /* CDVBattery.h */,
				9EEC20212C4E4B7BADC9A72F /* UIImage+CropScaleOrientation.m */,
				D4DDF334F94C48C7A396E42F /* CDVCamera.m */,
				DEA241BB8ED44AAF99A99039 /* CDVJpegHeaderWriter.m */,
				F97C7DFB183E40468621AB5B /* UIImage+CropScaleOrientation.h */,
				AB72AA31DC33420EB7E42643 /* CDVCamera.h */,
				43A29F50072D49069531AD89 /* CDVJpegHeaderWriter.h */,
				D9722377F04D4655B049904C /* CDVExif.h */,
				85014871854345E68BD98798 /* CDVLogger.m */,
				D5878D7C186A4F8BA7A89F85 /* CDVLogger.h */,
				C8027D497C0E42258A2BFF5B /* CDVContacts.m */,
				0E09F7909A094C48931F964E /* CDVContact.m */,
				8AA74DFBEE904A2D9948E801 /* CDVContacts.h */,
				459FF378CA184128968B99D6 /* CDVContact.h */,
				DF828700182A41F4803CD486 /* CDVDevice.m */,
				B86785B319CE47B892A7B499 /* CDVDevice.h */,
				927DD83182D6480C954D8240 /* CDVAccelerometer.m */,
				A162071FA30D4B76A1EB4BB4 /* CDVAccelerometer.h */,
				37099F45DE4F487DA6BE6779 /* CDVCompass.m */,
				BC4E3F566CAA45D28C5E9BCF /* CDVCompass.h */,
				4DD0FB7549C84077A3DD7D5B /* CDVNotification.m */,
				A177C08D3BA44745B5B82699 /* CDVNotification.h */,
				4964BE2AEAD142F188C9E5E8 /* CDVFile.m */,
				DF83A4922ED74AA3ADF2E763 /* CDVLocalFilesystem.m */,
				150BD5A573724BB3A7ACEA00 /* CDVAssetLibraryFilesystem.m */,
				64537A7DE1C4419D87DEC14F /* CDVFile.h */,
				D433303192ED46BBBE3D8546 /* CDVLocalFilesystem.h */,
				7B40332316CF4E4D91A7290C /* CDVAssetLibraryFilesystem.h */,
				7E6116690453478196D1DDE3 /* CDVFileTransfer.m */,
				DA625EA150F347B08040A3CD /* CDVFileTransfer.h */,
				C39BE04ACD9C46CF9497E50C /* CDVLocation.m */,
				93B11D99C50B4A3EB711B60B /* CDVLocation.h */,
				DBB80C3D46574A6C812C8921 /* CDVGlobalization.m */,
				8ABB55A102064993A4071C23 /* CDVGlobalization.h */,
				159B97E6743F4E3BBB9F502B /* CDVInAppBrowser.m */,
				51AFB1466C76421EA52A0270 /* CDVInAppBrowser.h */,
				0EEA77EA127F42B4B8F247E6 /* CDVSound.m */,
				1501511481D3455187300228 /* CDVSound.h */,
				216E8D87099E4C46A088C475 /* CDVCapture.m */,
				520916D5C86E4FAEA5AC3908 /* CDVCapture.h */,
				38C89D7D011A44C9BECC007B /* CDVConnection.m */,
				BC6927094C49407E94D37F42 /* CDVReachability.m */,
				4891BC1241434507AB036628 /* CDVConnection.h */,
				9E328339B65B4962A8FC1C05 /* CDVReachability.h */,
				32473ED0CF1C47BA88CEA209 /* CDVSplashScreen.m */,
				11FC63111B0442F398F2E2CF /* CDVViewController+SplashScreen.m */,
				00DEB3566C8D436B87BFECBB /* CDVSplashScreen.h */,
				B343BC6189174905ADC1F06A /* CDVViewController+SplashScreen.h */,
				2068575BD4B74ABEA2605774 /* CDVStatusBar.m */,
				1536A7C542EF4C859E883443 /* CDVStatusBar.h */,
				940B6CF6A51B44D4B1E3CB87 /* CDVVibration.m */,
				8CD0A0E3318F461D97EC5360 /* CDVVibration.h */,
			);
			name = Plugins;
			path = "Smile/Plugins";
			sourceTree = SOURCE_ROOT;
		};
		EB87FDF11871DA420020F90C /* Staging */ = {
			isa = PBXGroup;
			children = (
				F840E1F0165FE0F500CFE078 /* config.xml */,
				301BF56E109A69640062928A /* www */,
			);
			name = Staging;
			sourceTree = "<group>";
		};
/* End PBXGroup section */

/* Begin PBXNativeTarget section */
		1D6058900D05DD3D006BFB54 /* Smile */ = {
			isa = PBXNativeTarget;
			buildConfigurationList = 1D6058960D05DD3E006BFB54 /* Build configuration list for PBXNativeTarget "Smile" */;
			buildPhases = (
				304B58A110DAC018002A0835 /* Copy www directory */,
				1D60588D0D05DD3D006BFB54 /* Resources */,
				1D60588E0D05DD3D006BFB54 /* Sources */,
				1D60588F0D05DD3D006BFB54 /* Frameworks */,
			);
			buildRules = (
			);
			dependencies = (
				301BF551109A68C00062928A /* PBXTargetDependency */,
			);
			name = "Smile";
			productName = "Smile";
			productReference = 1D6058910D05DD3D006BFB54 /* Smile.app */;
			productType = "com.apple.product-type.application";
		};
/* End PBXNativeTarget section */

/* Begin PBXProject section */
		29B97313FDCFA39411CA2CEA /* Project object */ = {
			isa = PBXProject;
			attributes = {
				LastUpgradeCheck = 510;
			};
			buildConfigurationList = C01FCF4E08A954540054247B /* Build configuration list for PBXProject "__NON-CLI__" */;
			compatibilityVersion = "Xcode 3.2";
			developmentRegion = English;
			hasScannedForEncodings = 1;
			mainGroup = 29B97314FDCFA39411CA2CEA /* CustomTemplate */;
			projectDirPath = "";
			projectReferences = (
				{
					ProductGroup = 301BF52E109A57CC0062928A /* Products */;
					ProjectRef = 301BF52D109A57CC0062928A /* CordovaLib.xcodeproj */;
				},
			);
			projectRoot = "";
			targets = (
				1D6058900D05DD3D006BFB54 /* Smile */,
			);
		};
/* End PBXProject section */

/* Begin PBXReferenceProxy section */
		301BF535109A57CC0062928A /* libCordova.a */ = {
			isa = PBXReferenceProxy;
			fileType = archive.ar;
			path = libCordova.a;
			remoteRef = 301BF534109A57CC0062928A /* PBXContainerItemProxy */;
			sourceTree = BUILT_PRODUCTS_DIR;
		};
/* End PBXReferenceProxy section */

/* Begin PBXResourcesBuildPhase section */
		1D60588D0D05DD3D006BFB54 /* Resources */ = {
			isa = PBXResourcesBuildPhase;
			buildActionMask = 2147483647;
			files = (
				302D95F214D2391D003F00A1 /* MainViewController.xib in Resources */,
				3047A5131AB8059700498E2A /* build-release.xcconfig in Resources */,
				3047A5141AB8059700498E2A /* build.xcconfig in Resources */,
				0207DA581B56EA530066E2B4 /* Images.xcassets in Resources */,
				3047A5121AB8059700498E2A /* build-debug.xcconfig in Resources */,
				EF7A34B621BE4578BCF35774 /* CDVNotification.bundle in Resources */,
				497AFF412A3E4DF8893F71A6 /* CDVCapture.bundle in Resources */,
			);
			runOnlyForDeploymentPostprocessing = 0;
		};
/* End PBXResourcesBuildPhase section */

/* Begin PBXShellScriptBuildPhase section */
		304B58A110DAC018002A0835 /* Copy www directory */ = {
			isa = PBXShellScriptBuildPhase;
			buildActionMask = 2147483647;
			files = (
			);
			inputPaths = (
			);
			name = "Copy www directory";
			outputPaths = (
			);
			runOnlyForDeploymentPostprocessing = 0;
			shellPath = /bin/sh;
			shellScript = "NODEJS_PATH=/usr/local/bin; NVM_NODE_PATH=~/.nvm/versions/node/`nvm version 2>/dev/null`/bin; N_NODE_PATH=`find /usr/local/n/versions/node/* -maxdepth 0 -type d 2>/dev/null | tail -1`/bin; XCODE_NODE_PATH=`xcode-select --print-path`/usr/share/xcs/Node/bin; PATH=$NODEJS_PATH:$NVM_NODE_PATH:$N_NODE_PATH:$XCODE_NODE_PATH:$PATH && node cordova/lib/copy-www-build-step.js";
			showEnvVarsInLog = 0;
		};
/* End PBXShellScriptBuildPhase section */

/* Begin PBXSourcesBuildPhase section */
		1D60588E0D05DD3D006BFB54 /* Sources */ = {
			isa = PBXSourcesBuildPhase;
			buildActionMask = 2147483647;
			files = (
				1D60589B0D05DD56006BFB54 /* main.m in Sources */,
				1D3623260D0F684500981E51 /* AppDelegate.m in Sources */,
				302D95F114D2391D003F00A1 /* MainViewController.m in Sources */,
				69AC99DFC0F24A0791C0CDD7 /* CDVBattery.m in Sources */,
				9124925733364BA69A966EA9 /* UIImage+CropScaleOrientation.m in Sources */,
				BDF6880C3C794C568C2710AD /* CDVCamera.m in Sources */,
				58311020EF5A4F8B9D666D1E /* CDVJpegHeaderWriter.m in Sources */,
				2C0C8A7C086C4C2A9E736563 /* CDVLogger.m in Sources */,
				F2F06968A0D94F178FC337AE /* CDVContacts.m in Sources */,
				0D798818F1064FBAB2C3FBEF /* CDVContact.m in Sources */,
				D40759B3ED6C4094A92F7009 /* CDVDevice.m in Sources */,
				5E09B838A645487981B449CE /* CDVAccelerometer.m in Sources */,
				0277903D2F454CB99269CA89 /* CDVCompass.m in Sources */,
				26F6ACF4597A41E6B6C6F39F /* CDVNotification.m in Sources */,
				8E2A73D53E61452197EA13D7 /* CDVFile.m in Sources */,
				B594A33185A94228B04C38ED /* CDVLocalFilesystem.m in Sources */,
				AF294F5C4BDA49CE93F673BA /* CDVAssetLibraryFilesystem.m in Sources */,
				2AFCEBFB5441483E892E18BD /* CDVFileTransfer.m in Sources */,
				55C2E8F7E0194093935FBCE4 /* CDVLocation.m in Sources */,
				321B37276E68424FBA5F6EC7 /* CDVGlobalization.m in Sources */,
				D6C1088D79684DAB98A55799 /* CDVInAppBrowser.m in Sources */,
				20D51383697944599AF98A3B /* CDVSound.m in Sources */,
				8B8CAF0BADD64251971BA0FB /* CDVCapture.m in Sources */,
				97106432F9624A7BA499FF18 /* CDVConnection.m in Sources */,
				82F2E4ECA7A54B968D482820 /* CDVReachability.m in Sources */,
				D8FFE3A9B3984EFFB357073E /* CDVSplashScreen.m in Sources */,
				5E80F8DE674F4898B0FF5495 /* CDVViewController+SplashScreen.m in Sources */,
				55889ACBE8594AA1BF869096 /* CDVStatusBar.m in Sources */,
				95FD26A6B14C43E98A8518C1 /* CDVVibration.m in Sources */,
			);
			runOnlyForDeploymentPostprocessing = 0;
		};
/* End PBXSourcesBuildPhase section */

/* Begin PBXTargetDependency section */
		301BF551109A68C00062928A /* PBXTargetDependency */ = {
			isa = PBXTargetDependency;
			name = CordovaLib;
			targetProxy = 301BF550109A68C00062928A /* PBXContainerItemProxy */;
		};
/* End PBXTargetDependency section */

/* Begin XCBuildConfiguration section */
		1D6058940D05DD3E006BFB54 /* Debug */ = {
			isa = XCBuildConfiguration;
			baseConfigurationReference = 3047A50F1AB8059700498E2A /* build-debug.xcconfig */;
			buildSettings = {
				ALWAYS_SEARCH_USER_PATHS = NO;
				ASSETCATALOG_COMPILER_APPICON_NAME = AppIcon;
				ASSETCATALOG_COMPILER_LAUNCHIMAGE_NAME = LaunchImage;
				CLANG_ENABLE_MODULES = YES;
				CLANG_ENABLE_OBJC_ARC = YES;
				COPY_PHASE_STRIP = NO;
				GCC_DYNAMIC_NO_PIC = NO;
				GCC_OPTIMIZATION_LEVEL = 0;
				GCC_PRECOMPILE_PREFIX_HEADER = YES;
				GCC_PREFIX_HEADER = "Smile/Smile-Prefix.pch";
				GCC_THUMB_SUPPORT = NO;
				GCC_VERSION = "";
				INFOPLIST_FILE = "Smile/Smile-Info.plist";
				LD_RUNPATH_SEARCH_PATHS = "@executable_path/Frameworks";
				PRODUCT_NAME = "Smile";
			};
			name = Debug;
		};
		1D6058950D05DD3E006BFB54 /* Release */ = {
			isa = XCBuildConfiguration;
			baseConfigurationReference = 3047A5101AB8059700498E2A /* build-release.xcconfig */;
			buildSettings = {
				ALWAYS_SEARCH_USER_PATHS = NO;
				ASSETCATALOG_COMPILER_APPICON_NAME = AppIcon;
				ASSETCATALOG_COMPILER_LAUNCHIMAGE_NAME = LaunchImage;
				CLANG_ENABLE_MODULES = YES;
				CLANG_ENABLE_OBJC_ARC = YES;
				COPY_PHASE_STRIP = YES;
				GCC_PRECOMPILE_PREFIX_HEADER = YES;
				GCC_PREFIX_HEADER = "Smile/Smile-Prefix.pch";
				GCC_THUMB_SUPPORT = NO;
				GCC_VERSION = "";
				INFOPLIST_FILE = "Smile/Smile-Info.plist";
				PRODUCT_NAME = "Smile";
			};
			name = Release;
		};
		C01FCF4F08A954540054247B /* Debug */ = {
			isa = XCBuildConfiguration;
			baseConfigurationReference = 3047A5111AB8059700498E2A /* build.xcconfig */;
			buildSettings = {
				CLANG_ENABLE_MODULES = YES;
				CLANG_ENABLE_OBJC_ARC = YES;
				CLANG_WARN_BOOL_CONVERSION = YES;
				CLANG_WARN_CONSTANT_CONVERSION = YES;
				CLANG_WARN_EMPTY_BODY = YES;
				CLANG_WARN_ENUM_CONVERSION = YES;
				CLANG_WARN_INT_CONVERSION = YES;
				CLANG_WARN__DUPLICATE_METHOD_MATCH = YES;
				GCC_C_LANGUAGE_STANDARD = c99;
				GCC_THUMB_SUPPORT = NO;
				GCC_VERSION = "";
				GCC_WARN_ABOUT_RETURN_TYPE = YES;
				GCC_WARN_UNDECLARED_SELECTOR = YES;
				GCC_WARN_UNINITIALIZED_AUTOS = YES;
				GCC_WARN_UNUSED_FUNCTION = YES;
				GCC_WARN_UNUSED_VARIABLE = YES;
				ONLY_ACTIVE_ARCH = YES;
				SDKROOT = iphoneos;
				SKIP_INSTALL = NO;
			};
			name = Debug;
		};
		C01FCF5008A954540054247B /* Release */ = {
			isa = XCBuildConfiguration;
			baseConfigurationReference = 3047A5111AB8059700498E2A /* build.xcconfig */;
			buildSettings = {
				CLANG_ENABLE_MODULES = YES;
				CLANG_ENABLE_OBJC_ARC = YES;
				CLANG_WARN_BOOL_CONVERSION = YES;
				CLANG_WARN_CONSTANT_CONVERSION = YES;
				CLANG_WARN_EMPTY_BODY = YES;
				CLANG_WARN_ENUM_CONVERSION = YES;
				CLANG_WARN_INT_CONVERSION = YES;
				CLANG_WARN__DUPLICATE_METHOD_MATCH = YES;
				GCC_C_LANGUAGE_STANDARD = c99;
				GCC_THUMB_SUPPORT = NO;
				GCC_VERSION = "";
				GCC_WARN_ABOUT_RETURN_TYPE = YES;
				GCC_WARN_UNDECLARED_SELECTOR = YES;
				GCC_WARN_UNINITIALIZED_AUTOS = YES;
				GCC_WARN_UNUSED_FUNCTION = YES;
				GCC_WARN_UNUSED_VARIABLE = YES;
				SDKROOT = iphoneos;
				SKIP_INSTALL = NO;
			};
			name = Release;
		};
/* End XCBuildConfiguration section */

/* Begin XCConfigurationList section */
		1D6058960D05DD3E006BFB54 /* Build configuration list for PBXNativeTarget "Smile" */ = {
			isa = XCConfigurationList;
			buildConfigurations = (
				1D6058940D05DD3E006BFB54 /* Debug */,
				1D6058950D05DD3E006BFB54 /* Release */,
			);
			defaultConfigurationIsVisible = 0;
			defaultConfigurationName = Release;
		};
		C01FCF4E08A954540054247B /* Build configuration list for PBXProject "__NON-CLI__" */ = {
			isa = XCConfigurationList;
			buildConfigurations = (
				C01FCF4F08A954540054247B /* Debug */,
				C01FCF5008A954540054247B /* Release */,
			);
			defaultConfigurationIsVisible = 0;
			defaultConfigurationName = Release;
		};
/* End XCConfigurationList section */
	};
	rootObject = 29B97313FDCFA39411CA2CEA /* Project object */;
}
