// !$*UTF8*$!
{
	archiveVersion = 1;
	classes = {
	};
	objectVersion = 46;
	objects = {
/* Begin PBXBuildFile section */
		0207DA581B56EA530066E2B4 /* Images.xcassets in Resources */ = {isa = PBXBuildFile; fileRef = 0207DA571B56EA530066E2B4 /* Images.xcassets */; };
		1D3623260D0F684500981E51 /* AppDelegate.m in Sources */ = {isa = PBXBuildFile; fileRef = 1D3623250D0F684500981E51 /* AppDelegate.m */; };
		1D60589B0D05DD56006BFB54 /* main.m in Sources */ = {isa = PBXBuildFile; fileRef = 29B97316FDCFA39411CA2CEA /* main.m */; };
		301BF552109A68D80062928A /* libCordova.a in Frameworks */ = {isa = PBXBuildFile; fileRef = 301BF535109A57CC0062928A /* libCordova.a */; };
		302D95F114D2391D003F00A1 /* MainViewController.m in Sources */ = {isa = PBXBuildFile; fileRef = 302D95EF14D2391D003F00A1 /* MainViewController.m */; };
		302D95F214D2391D003F00A1 /* MainViewController.xib in Resources */ = {isa = PBXBuildFile; fileRef = 302D95F014D2391D003F00A1 /* MainViewController.xib */; };
		3047A5121AB8059700498E2A /* build-debug.xcconfig in Resources */ = {isa = PBXBuildFile; fileRef = 3047A50F1AB8059700498E2A /* build-debug.xcconfig */; };
		3047A5131AB8059700498E2A /* build-release.xcconfig in Resources */ = {isa = PBXBuildFile; fileRef = 3047A5101AB8059700498E2A /* build-release.xcconfig */; };
		3047A5141AB8059700498E2A /* build.xcconfig in Resources */ = {isa = PBXBuildFile; fileRef = 3047A5111AB8059700498E2A /* build.xcconfig */; };
		20264B9840DF40429BC2172C /* CDVBattery.m in Sources */ = {isa = PBXBuildFile; fileRef = 28AC1820184B41F698FD8E2B /* CDVBattery.m */; };
		205CE1693D7F41779027FA1C /* UIImage+CropScaleOrientation.m in Sources */ = {isa = PBXBuildFile; fileRef = 262105C2A5144FC58536ACB3 /* UIImage+CropScaleOrientation.m */; };
		1BEA93D2E4074444A695C091 /* CDVCamera.m in Sources */ = {isa = PBXBuildFile; fileRef = 6BC4C73D786843B987112130 /* CDVCamera.m */; };
		DC2EA1D2010B40A89F639C6E /* CDVJpegHeaderWriter.m in Sources */ = {isa = PBXBuildFile; fileRef = D350D2AA287F40D49CE94E6F /* CDVJpegHeaderWriter.m */; };
		ADBBBDB7A9E2483F99278A79 /* ImageIO.framework in Frameworks */ = {isa = PBXBuildFile; fileRef = ED819BB748D34C8EAEC27238 /* ImageIO.framework */; settings = {ATTRIBUTES = (Weak, ); }; };
		0F45EBE53F5F432FB829528C /* CoreLocation.framework in Frameworks */ = {isa = PBXBuildFile; fileRef = B3837B5017244114A61CA289 /* CoreLocation.framework */; };
		805D4FD6883A49B7BE96B783 /* AVFoundation.framework in Frameworks */ = {isa = PBXBuildFile; fileRef = 9F5C3D399BCD41A78354083E /* AVFoundation.framework */; };
		5609FB737D3C4D8E8C2C427A /* CDVLogger.m in Sources */ = {isa = PBXBuildFile; fileRef = D287482618DF44D19CD300C2 /* CDVLogger.m */; };
		B83AEDCA18BA4E16819AB492 /* CDVContacts.m in Sources */ = {isa = PBXBuildFile; fileRef = D12699C7EA5543A69AEE8EA3 /* CDVContacts.m */; };
		4226885731794F0DBDDC6A98 /* CDVContact.m in Sources */ = {isa = PBXBuildFile; fileRef = AD9F15C2035449F9989F57D0 /* CDVContact.m */; };
		CB80B8CA101F41ABBA2617B0 /* AddressBook.framework in Frameworks */ = {isa = PBXBuildFile; fileRef = 4217386AB2CE40BF909F3B4A /* AddressBook.framework */; settings = {ATTRIBUTES = (Weak, ); }; };
		7255A922FFAB43DF9422A54C /* AddressBookUI.framework in Frameworks */ = {isa = PBXBuildFile; fileRef = BA9299502E6048988033F61A /* AddressBookUI.framework */; settings = {ATTRIBUTES = (Weak, ); }; };
		83668F4474604B80B55A97ED /* CDVDevice.m in Sources */ = {isa = PBXBuildFile; fileRef = 15083F862E024B36B266B837 /* CDVDevice.m */; };
		04F3CF89E0E04D95AA093383 /* CDVAccelerometer.m in Sources */ = {isa = PBXBuildFile; fileRef = 2C66223006274EC8B05A5330 /* CDVAccelerometer.m */; };
		1FBDA3F46A074FE19CE77ED4 /* CoreMotion.framework in Frameworks */ = {isa = PBXBuildFile; fileRef = 8FDCBBB200DB44D3AFA42238 /* CoreMotion.framework */; };
		4EFDB2BEA87A443097BB2A57 /* CDVCompass.m in Sources */ = {isa = PBXBuildFile; fileRef = C0320D8604D7430EAEB289FF /* CDVCompass.m */; };
		5ECE641E6AE04F8D8B1077D2 /* CDVNotification.m in Sources */ = {isa = PBXBuildFile; fileRef = 061B09A7BDD440369FEC74D2 /* CDVNotification.m */; };
		E3103642113A49FD916136BD /* CDVNotification.bundle in Resources */ = {isa = PBXBuildFile; fileRef = 242752FF027347329358993F /* CDVNotification.bundle */; };
		5A50EA544E714DFDA40F9717 /* AudioToolbox.framework in Frameworks */ = {isa = PBXBuildFile; fileRef = 23C4134991A24D07BCC63DF0 /* AudioToolbox.framework */; settings = {ATTRIBUTES = (Weak, ); }; };
		98BA41BEE9BA40B0A0F7CCCB /* CDVFile.m in Sources */ = {isa = PBXBuildFile; fileRef = 0521E134C3884B3FAFFFAA99 /* CDVFile.m */; };
		B479AB7981F541B89DA14493 /* CDVLocalFilesystem.m in Sources */ = {isa = PBXBuildFile; fileRef = 3C1000CD855340498C0C473A /* CDVLocalFilesystem.m */; };
		11C09C8A15724922BC801028 /* CDVAssetLibraryFilesystem.m in Sources */ = {isa = PBXBuildFile; fileRef = 38D0616630AF4A93BCBCBB87 /* CDVAssetLibraryFilesystem.m */; };
		7E32D40DD0C24FA5903A33B7 /* CDVFileTransfer.m in Sources */ = {isa = PBXBuildFile; fileRef = AC198464AE0B418C86A9F3A9 /* CDVFileTransfer.m */; };
		7AF6E712B39C4DAB9DA79197 /* CDVLocation.m in Sources */ = {isa = PBXBuildFile; fileRef = 616FA7E4ADF646F39D625B69 /* CDVLocation.m */; };
		7B24921D953946FEBB7EC0D9 /* CDVGlobalization.m in Sources */ = {isa = PBXBuildFile; fileRef = E904911789184C27811F0B73 /* CDVGlobalization.m */; };
		3346002EB6A64321B4C7CD33 /* CDVInAppBrowser.m in Sources */ = {isa = PBXBuildFile; fileRef = 24E8410D891E4B07B8719D3A /* CDVInAppBrowser.m */; };
		92D022E373C44605B811698C /* CDVSound.m in Sources */ = {isa = PBXBuildFile; fileRef = 65FBC19540A14CF4B2FA37DF /* CDVSound.m */; };
		2B327DFB7B1148B8BC13D02B /* CDVCapture.m in Sources */ = {isa = PBXBuildFile; fileRef = 9EEEDCFDC7914B839E18DA4C /* CDVCapture.m */; };
		9E688C22698443E5B7F3EACE /* CDVCapture.bundle in Resources */ = {isa = PBXBuildFile; fileRef = 5E8F2D78440047CE92B8C735 /* CDVCapture.bundle */; };
		936F45ED83CC4DA985030E77 /* CDVConnection.m in Sources */ = {isa = PBXBuildFile; fileRef = AEA92E188E1846C9A920F216 /* CDVConnection.m */; };
		7D73CB0A91D74D299C663FD5 /* CDVReachability.m in Sources */ = {isa = PBXBuildFile; fileRef = C6C4E9F583534BD4AA90B6B2 /* CDVReachability.m */; };
		4474B60CCD7D4944940B442C /* SystemConfiguration.framework in Frameworks */ = {isa = PBXBuildFile; fileRef = 71D1471FEADF4F798ADC9C10 /* SystemConfiguration.framework */; settings = {ATTRIBUTES = (Weak, ); }; };
		595C54BE04304CB5A33E87E5 /* CoreTelephony.framework in Frameworks */ = {isa = PBXBuildFile; fileRef = 44B6F9B3E5824581B21FCF31 /* CoreTelephony.framework */; };
		5A8071CDBC9741119B9C1127 /* CDVSplashScreen.m in Sources */ = {isa = PBXBuildFile; fileRef = EB7160F13422403FB6711F2F /* CDVSplashScreen.m */; };
		EACD47402ECC402084477E1D /* CDVViewController+SplashScreen.m in Sources */ = {isa = PBXBuildFile; fileRef = 15CE54E6582B44938DDEDB37 /* CDVViewController+SplashScreen.m */; };
		46C618BBE8A74550BC9CF4BE /* CDVStatusBar.m in Sources */ = {isa = PBXBuildFile; fileRef = F98ED8D741814C4A801DC4A9 /* CDVStatusBar.m */; };
		A4EE05B5322C4ECB9B7ED296 /* CDVVibration.m in Sources */ = {isa = PBXBuildFile; fileRef = A3A098A18E01439882AEDF16 /* CDVVibration.m */; };
		126FD71065954602B9EBDF12 /* libiconv.dylib in Frameworks */ = {isa = PBXBuildFile; fileRef = DC169483163042339DE3C320 /* libiconv.dylib */; };
		7BB799752A564970A1AF2095 /* CoreVideo.framework in Frameworks */ = {isa = PBXBuildFile; fileRef = B7272A76AA8F4658818629DE /* CoreVideo.framework */; };
		B3D23EB94F7542639D11BD3B /* QuartzCore.framework in Frameworks */ = {isa = PBXBuildFile; fileRef = 3DB581B91DB54449A36DE3A3 /* QuartzCore.framework */; };
		C4081A3D13D24C0EB4A94392 /* CoreImage.framework in Frameworks */ = {isa = PBXBuildFile; fileRef = CA6E264A172A4A99A7BB1CB0 /* CoreImage.framework */; };
		002B0AD81F0A40F09DBB501A /* CDVBarcodeScanner.mm in Resources */ = {isa = PBXBuildFile; fileRef = C438F6F40DB64792AF4F5465 /* CDVBarcodeScanner.mm */; settings = {COMPILER_FLAGS = "-fno-objc-arc"; }; };
		A69F1BBB9D794037BE84AF83 /* zxing-all-in-one.cpp in Resources */ = {isa = PBXBuildFile; fileRef = A0A61653A23946F484C42DD6 /* zxing-all-in-one.cpp */; };
		734551A81E2848208922A406 /* scannerOverlay.xib in Resources */ = {isa = PBXBuildFile; fileRef = 9773F671EC6C44EB9ED3E7A1 /* scannerOverlay.xib */; };
		EA87ED74CF254ECAB3A6FDA5 /* CDVBarcodeScanner.bundle in Resources */ = {isa = PBXBuildFile; fileRef = 2D28F128A4FE4193BAD139CB /* CDVBarcodeScanner.bundle */; };
/* End PBXBuildFile section */

/* Begin PBXContainerItemProxy section */
		301BF534109A57CC0062928A /* PBXContainerItemProxy */ = {
			isa = PBXContainerItemProxy;
			containerPortal = 301BF52D109A57CC0062928A /* CordovaLib.xcodeproj */;
			proxyType = 2;
			remoteGlobalIDString = D2AAC07E0554694100DB518D;
			remoteInfo = CordovaLib;
		};
		301BF550109A68C00062928A /* PBXContainerItemProxy */ = {
			isa = PBXContainerItemProxy;
			containerPortal = 301BF52D109A57CC0062928A /* CordovaLib.xcodeproj */;
			proxyType = 1;
			remoteGlobalIDString = D2AAC07D0554694100DB518D;
			remoteInfo = CordovaLib;
		};
/* End PBXContainerItemProxy section */

/* Begin PBXFileReference section */
		0207DA571B56EA530066E2B4 /* Images.xcassets */ = {isa = PBXFileReference; lastKnownFileType = folder.assetcatalog; name = Images.xcassets; path = "LocalStorageWithScanner/Images.xcassets"; sourceTree = SOURCE_ROOT; };
		1D3623240D0F684500981E51 /* AppDelegate.h */ = {isa = PBXFileReference; fileEncoding = 4; lastKnownFileType = sourcecode.c.h; path = AppDelegate.h; sourceTree = "<group>"; };
		1D3623250D0F684500981E51 /* AppDelegate.m */ = {isa = PBXFileReference; fileEncoding = 4; lastKnownFileType = sourcecode.c.objc; path = AppDelegate.m; sourceTree = "<group>"; };
		1D6058910D05DD3D006BFB54 /* LocalStorageWithScanner.app */ = {isa = PBXFileReference; explicitFileType = wrapper.application; includeInIndex = 0; path = "LocalStorageWithScanner.app"; sourceTree = BUILT_PRODUCTS_DIR; };
		29B97316FDCFA39411CA2CEA /* main.m */ = {isa = PBXFileReference; fileEncoding = 4; lastKnownFileType = sourcecode.c.objc; path = main.m; sourceTree = "<group>"; };
		301BF52D109A57CC0062928A /* CordovaLib.xcodeproj */ = {isa = PBXFileReference; lastKnownFileType = "wrapper.pb-project"; name = CordovaLib.xcodeproj; path = CordovaLib/CordovaLib.xcodeproj; sourceTree = "<group>"; };
		301BF56E109A69640062928A /* www */ = {isa = PBXFileReference; lastKnownFileType = folder; path = www; sourceTree = SOURCE_ROOT; };
		302D95EE14D2391D003F00A1 /* MainViewController.h */ = {isa = PBXFileReference; fileEncoding = 4; lastKnownFileType = sourcecode.c.h; path = MainViewController.h; sourceTree = "<group>"; };
		302D95EF14D2391D003F00A1 /* MainViewController.m */ = {isa = PBXFileReference; fileEncoding = 4; lastKnownFileType = sourcecode.c.objc; path = MainViewController.m; sourceTree = "<group>"; };
		302D95F014D2391D003F00A1 /* MainViewController.xib */ = {isa = PBXFileReference; fileEncoding = 4; lastKnownFileType = file.xib; path = MainViewController.xib; sourceTree = "<group>"; };
		3047A50F1AB8059700498E2A /* build-debug.xcconfig */ = {isa = PBXFileReference; fileEncoding = 4; lastKnownFileType = text.xcconfig; name = "build-debug.xcconfig"; path = cordova/build-debug.xcconfig; sourceTree = SOURCE_ROOT; };
		3047A5101AB8059700498E2A /* build-release.xcconfig */ = {isa = PBXFileReference; fileEncoding = 4; lastKnownFileType = text.xcconfig; name = "build-release.xcconfig"; path = cordova/build-release.xcconfig; sourceTree = SOURCE_ROOT; };
		3047A5111AB8059700498E2A /* build.xcconfig */ = {isa = PBXFileReference; fileEncoding = 4; lastKnownFileType = text.xcconfig; name = build.xcconfig; path = cordova/build.xcconfig; sourceTree = SOURCE_ROOT; };
		32CA4F630368D1EE00C91783 /* LocalStorageWithScanner-Prefix.pch */ = {isa = PBXFileReference; fileEncoding = 4; lastKnownFileType = sourcecode.c.h; path = "LocalStorageWithScanner-Prefix.pch"; sourceTree = "<group>"; };
		8D1107310486CEB800E47090 /* LocalStorageWithScanner-Info.plist */ = {isa = PBXFileReference; fileEncoding = 4; lastKnownFileType = text.plist.xml; name = "LocalStorageWithScanner-Info.plist"; path = "LocalStorageWithScanner/LocalStorageWithScanner-Info.plist"; plistStructureDefinitionIdentifier = "com.apple.xcode.plist.structure-definition.iphone.info-plist"; sourceTree = SOURCE_ROOT; };
		EB87FDF31871DA8E0020F90C /* www */ = {isa = PBXFileReference; lastKnownFileType = folder; name = www; path = ../../www; sourceTree = "<group>"; };
		EB87FDF41871DAF40020F90C /* config.xml */ = {isa = PBXFileReference; lastKnownFileType = text.xml; name = config.xml; path = ../../config.xml; sourceTree = "<group>"; };
		F840E1F0165FE0F500CFE078 /* config.xml */ = {isa = PBXFileReference; lastKnownFileType = text.xml; name = config.xml; path = "LocalStorageWithScanner/config.xml"; sourceTree = "<group>"; };
		ED33DF2A687741AEAF9F8254 /* Bridging-Header.h */ = {isa = PBXFileReference; fileEncoding = 4; lastKnownFileType = sourcecode.c.h; name = "Bridging-Header.h"; path = "Bridging-Header.h"; sourceTree = "<group>"; };
		28AC1820184B41F698FD8E2B /* CDVBattery.m */ = {isa = PBXFileReference; name = "CDVBattery.m"; path = "cordova-plugin-battery-status/CDVBattery.m"; sourceTree = "<group>"; fileEncoding = 4; lastKnownFileType = sourcecode.c.objc; explicitFileType = undefined; includeInIndex = 0; };
		280F21A5B4C64579970DD6D7 /* CDVBattery.h */ = {isa = PBXFileReference; name = "CDVBattery.h"; path = "cordova-plugin-battery-status/CDVBattery.h"; sourceTree = "<group>"; fileEncoding = 4; lastKnownFileType = sourcecode.c.h; explicitFileType = undefined; includeInIndex = 0; };
		262105C2A5144FC58536ACB3 /* UIImage+CropScaleOrientation.m */ = {isa = PBXFileReference; name = "UIImage+CropScaleOrientation.m"; path = "cordova-plugin-camera/UIImage+CropScaleOrientation.m"; sourceTree = "<group>"; fileEncoding = 4; lastKnownFileType = sourcecode.c.objc; explicitFileType = undefined; includeInIndex = 0; };
		6BC4C73D786843B987112130 /* CDVCamera.m */ = {isa = PBXFileReference; name = "CDVCamera.m"; path = "cordova-plugin-camera/CDVCamera.m"; sourceTree = "<group>"; fileEncoding = 4; lastKnownFileType = sourcecode.c.objc; explicitFileType = undefined; includeInIndex = 0; };
		D350D2AA287F40D49CE94E6F /* CDVJpegHeaderWriter.m */ = {isa = PBXFileReference; name = "CDVJpegHeaderWriter.m"; path = "cordova-plugin-camera/CDVJpegHeaderWriter.m"; sourceTree = "<group>"; fileEncoding = 4; lastKnownFileType = sourcecode.c.objc; explicitFileType = undefined; includeInIndex = 0; };
		29A16BAADABD4BA09F584BA4 /* UIImage+CropScaleOrientation.h */ = {isa = PBXFileReference; name = "UIImage+CropScaleOrientation.h"; path = "cordova-plugin-camera/UIImage+CropScaleOrientation.h"; sourceTree = "<group>"; fileEncoding = 4; lastKnownFileType = sourcecode.c.h; explicitFileType = undefined; includeInIndex = 0; };
		E54808137AFD4C65B21C5A76 /* CDVCamera.h */ = {isa = PBXFileReference; name = "CDVCamera.h"; path = "cordova-plugin-camera/CDVCamera.h"; sourceTree = "<group>"; fileEncoding = 4; lastKnownFileType = sourcecode.c.h; explicitFileType = undefined; includeInIndex = 0; };
		C8C119EE184B4FBEB1AAB866 /* CDVJpegHeaderWriter.h */ = {isa = PBXFileReference; name = "CDVJpegHeaderWriter.h"; path = "cordova-plugin-camera/CDVJpegHeaderWriter.h"; sourceTree = "<group>"; fileEncoding = 4; lastKnownFileType = sourcecode.c.h; explicitFileType = undefined; includeInIndex = 0; };
		2781B0C37B16406E8E228E54 /* CDVExif.h */ = {isa = PBXFileReference; name = "CDVExif.h"; path = "cordova-plugin-camera/CDVExif.h"; sourceTree = "<group>"; fileEncoding = 4; lastKnownFileType = sourcecode.c.h; explicitFileType = undefined; includeInIndex = 0; };
		ED819BB748D34C8EAEC27238 /* ImageIO.framework */ = {isa = PBXFileReference; name = "ImageIO.framework"; path = "System/Library/Frameworks/ImageIO.framework"; sourceTree = SDKROOT; fileEncoding = undefined; lastKnownFileType = wrapper.framework; explicitFileType = undefined; includeInIndex = 0; };
		B3837B5017244114A61CA289 /* CoreLocation.framework */ = {isa = PBXFileReference; name = "CoreLocation.framework"; path = "System/Library/Frameworks/CoreLocation.framework"; sourceTree = SDKROOT; fileEncoding = undefined; lastKnownFileType = wrapper.framework; explicitFileType = undefined; includeInIndex = 0; };
		9F5C3D399BCD41A78354083E /* AVFoundation.framework */ = {isa = PBXFileReference; name = "AVFoundation.framework"; path = "System/Library/Frameworks/AVFoundation.framework"; sourceTree = SDKROOT; fileEncoding = undefined; lastKnownFileType = wrapper.framework; explicitFileType = undefined; includeInIndex = 0; };
		D287482618DF44D19CD300C2 /* CDVLogger.m */ = {isa = PBXFileReference; name = "CDVLogger.m"; path = "cordova-plugin-console/CDVLogger.m"; sourceTree = "<group>"; fileEncoding = 4; lastKnownFileType = sourcecode.c.objc; explicitFileType = undefined; includeInIndex = 0; };
		074C4832BB914833A6339391 /* CDVLogger.h */ = {isa = PBXFileReference; name = "CDVLogger.h"; path = "cordova-plugin-console/CDVLogger.h"; sourceTree = "<group>"; fileEncoding = 4; lastKnownFileType = sourcecode.c.h; explicitFileType = undefined; includeInIndex = 0; };
		D12699C7EA5543A69AEE8EA3 /* CDVContacts.m */ = {isa = PBXFileReference; name = "CDVContacts.m"; path = "cordova-plugin-contacts/CDVContacts.m"; sourceTree = "<group>"; fileEncoding = 4; lastKnownFileType = sourcecode.c.objc; explicitFileType = undefined; includeInIndex = 0; };
		AD9F15C2035449F9989F57D0 /* CDVContact.m */ = {isa = PBXFileReference; name = "CDVContact.m"; path = "cordova-plugin-contacts/CDVContact.m"; sourceTree = "<group>"; fileEncoding = 4; lastKnownFileType = sourcecode.c.objc; explicitFileType = undefined; includeInIndex = 0; };
		907FF8BC7664406FB5FFC0A5 /* CDVContacts.h */ = {isa = PBXFileReference; name = "CDVContacts.h"; path = "cordova-plugin-contacts/CDVContacts.h"; sourceTree = "<group>"; fileEncoding = 4; lastKnownFileType = sourcecode.c.h; explicitFileType = undefined; includeInIndex = 0; };
		19D7E8F8F2884B4BB97FE4EE /* CDVContact.h */ = {isa = PBXFileReference; name = "CDVContact.h"; path = "cordova-plugin-contacts/CDVContact.h"; sourceTree = "<group>"; fileEncoding = 4; lastKnownFileType = sourcecode.c.h; explicitFileType = undefined; includeInIndex = 0; };
		4217386AB2CE40BF909F3B4A /* AddressBook.framework */ = {isa = PBXFileReference; name = "AddressBook.framework"; path = "System/Library/Frameworks/AddressBook.framework"; sourceTree = SDKROOT; fileEncoding = undefined; lastKnownFileType = wrapper.framework; explicitFileType = undefined; includeInIndex = 0; };
		BA9299502E6048988033F61A /* AddressBookUI.framework */ = {isa = PBXFileReference; name = "AddressBookUI.framework"; path = "System/Library/Frameworks/AddressBookUI.framework"; sourceTree = SDKROOT; fileEncoding = undefined; lastKnownFileType = wrapper.framework; explicitFileType = undefined; includeInIndex = 0; };
		15083F862E024B36B266B837 /* CDVDevice.m */ = {isa = PBXFileReference; name = "CDVDevice.m"; path = "cordova-plugin-device/CDVDevice.m"; sourceTree = "<group>"; fileEncoding = 4; lastKnownFileType = sourcecode.c.objc; explicitFileType = undefined; includeInIndex = 0; };
		8C9A5502C65445859BD08BBA /* CDVDevice.h */ = {isa = PBXFileReference; name = "CDVDevice.h"; path = "cordova-plugin-device/CDVDevice.h"; sourceTree = "<group>"; fileEncoding = 4; lastKnownFileType = sourcecode.c.h; explicitFileType = undefined; includeInIndex = 0; };
		2C66223006274EC8B05A5330 /* CDVAccelerometer.m */ = {isa = PBXFileReference; name = "CDVAccelerometer.m"; path = "cordova-plugin-device-motion/CDVAccelerometer.m"; sourceTree = "<group>"; fileEncoding = 4; lastKnownFileType = sourcecode.c.objc; explicitFileType = undefined; includeInIndex = 0; };
		F9F75DB59A194DF49E64CE2F /* CDVAccelerometer.h */ = {isa = PBXFileReference; name = "CDVAccelerometer.h"; path = "cordova-plugin-device-motion/CDVAccelerometer.h"; sourceTree = "<group>"; fileEncoding = 4; lastKnownFileType = sourcecode.c.h; explicitFileType = undefined; includeInIndex = 0; };
		8FDCBBB200DB44D3AFA42238 /* CoreMotion.framework */ = {isa = PBXFileReference; name = "CoreMotion.framework"; path = "System/Library/Frameworks/CoreMotion.framework"; sourceTree = SDKROOT; fileEncoding = undefined; lastKnownFileType = wrapper.framework; explicitFileType = undefined; includeInIndex = 0; };
		C0320D8604D7430EAEB289FF /* CDVCompass.m */ = {isa = PBXFileReference; name = "CDVCompass.m"; path = "cordova-plugin-device-orientation/CDVCompass.m"; sourceTree = "<group>"; fileEncoding = 4; lastKnownFileType = sourcecode.c.objc; explicitFileType = undefined; includeInIndex = 0; };
		3A2221753F6141709CD75B99 /* CDVCompass.h */ = {isa = PBXFileReference; name = "CDVCompass.h"; path = "cordova-plugin-device-orientation/CDVCompass.h"; sourceTree = "<group>"; fileEncoding = 4; lastKnownFileType = sourcecode.c.h; explicitFileType = undefined; includeInIndex = 0; };
		061B09A7BDD440369FEC74D2 /* CDVNotification.m */ = {isa = PBXFileReference; name = "CDVNotification.m"; path = "cordova-plugin-dialogs/CDVNotification.m"; sourceTree = "<group>"; fileEncoding = 4; lastKnownFileType = sourcecode.c.objc; explicitFileType = undefined; includeInIndex = 0; };
		C92E49AE70D243528556B0DE /* CDVNotification.h */ = {isa = PBXFileReference; name = "CDVNotification.h"; path = "cordova-plugin-dialogs/CDVNotification.h"; sourceTree = "<group>"; fileEncoding = 4; lastKnownFileType = sourcecode.c.h; explicitFileType = undefined; includeInIndex = 0; };
		242752FF027347329358993F /* CDVNotification.bundle */ = {isa = PBXFileReference; name = "CDVNotification.bundle"; path = "CDVNotification.bundle"; sourceTree = "<group>"; fileEncoding = undefined; lastKnownFileType = wrapper.plug-in; explicitFileType = undefined; includeInIndex = 0; };
		23C4134991A24D07BCC63DF0 /* AudioToolbox.framework */ = {isa = PBXFileReference; name = "AudioToolbox.framework"; path = "System/Library/Frameworks/AudioToolbox.framework"; sourceTree = SDKROOT; fileEncoding = undefined; lastKnownFileType = wrapper.framework; explicitFileType = undefined; includeInIndex = 0; };
		0521E134C3884B3FAFFFAA99 /* CDVFile.m */ = {isa = PBXFileReference; name = "CDVFile.m"; path = "cordova-plugin-file/CDVFile.m"; sourceTree = "<group>"; fileEncoding = 4; lastKnownFileType = sourcecode.c.objc; explicitFileType = undefined; includeInIndex = 0; };
		3C1000CD855340498C0C473A /* CDVLocalFilesystem.m */ = {isa = PBXFileReference; name = "CDVLocalFilesystem.m"; path = "cordova-plugin-file/CDVLocalFilesystem.m"; sourceTree = "<group>"; fileEncoding = 4; lastKnownFileType = sourcecode.c.objc; explicitFileType = undefined; includeInIndex = 0; };
		38D0616630AF4A93BCBCBB87 /* CDVAssetLibraryFilesystem.m */ = {isa = PBXFileReference; name = "CDVAssetLibraryFilesystem.m"; path = "cordova-plugin-file/CDVAssetLibraryFilesystem.m"; sourceTree = "<group>"; fileEncoding = 4; lastKnownFileType = sourcecode.c.objc; explicitFileType = undefined; includeInIndex = 0; };
		605EE4FEDBD844B6BECFF012 /* CDVFile.h */ = {isa = PBXFileReference; name = "CDVFile.h"; path = "cordova-plugin-file/CDVFile.h"; sourceTree = "<group>"; fileEncoding = 4; lastKnownFileType = sourcecode.c.h; explicitFileType = undefined; includeInIndex = 0; };
		35C4F57D59CB47AB848288D1 /* CDVLocalFilesystem.h */ = {isa = PBXFileReference; name = "CDVLocalFilesystem.h"; path = "cordova-plugin-file/CDVLocalFilesystem.h"; sourceTree = "<group>"; fileEncoding = 4; lastKnownFileType = sourcecode.c.h; explicitFileType = undefined; includeInIndex = 0; };
		F79E666C76BB44F39DF6A19E /* CDVAssetLibraryFilesystem.h */ = {isa = PBXFileReference; name = "CDVAssetLibraryFilesystem.h"; path = "cordova-plugin-file/CDVAssetLibraryFilesystem.h"; sourceTree = "<group>"; fileEncoding = 4; lastKnownFileType = sourcecode.c.h; explicitFileType = undefined; includeInIndex = 0; };
		AC198464AE0B418C86A9F3A9 /* CDVFileTransfer.m */ = {isa = PBXFileReference; name = "CDVFileTransfer.m"; path = "cordova-plugin-file-transfer/CDVFileTransfer.m"; sourceTree = "<group>"; fileEncoding = 4; lastKnownFileType = sourcecode.c.objc; explicitFileType = undefined; includeInIndex = 0; };
		1C8866FAFC56407E8E8E5D26 /* CDVFileTransfer.h */ = {isa = PBXFileReference; name = "CDVFileTransfer.h"; path = "cordova-plugin-file-transfer/CDVFileTransfer.h"; sourceTree = "<group>"; fileEncoding = 4; lastKnownFileType = sourcecode.c.h; explicitFileType = undefined; includeInIndex = 0; };
		616FA7E4ADF646F39D625B69 /* CDVLocation.m */ = {isa = PBXFileReference; name = "CDVLocation.m"; path = "cordova-plugin-geolocation/CDVLocation.m"; sourceTree = "<group>"; fileEncoding = 4; lastKnownFileType = sourcecode.c.objc; explicitFileType = undefined; includeInIndex = 0; };
		24F02FFE858A47DDB8A2C03C /* CDVLocation.h */ = {isa = PBXFileReference; name = "CDVLocation.h"; path = "cordova-plugin-geolocation/CDVLocation.h"; sourceTree = "<group>"; fileEncoding = 4; lastKnownFileType = sourcecode.c.h; explicitFileType = undefined; includeInIndex = 0; };
		E904911789184C27811F0B73 /* CDVGlobalization.m */ = {isa = PBXFileReference; name = "CDVGlobalization.m"; path = "cordova-plugin-globalization/CDVGlobalization.m"; sourceTree = "<group>"; fileEncoding = 4; lastKnownFileType = sourcecode.c.objc; explicitFileType = undefined; includeInIndex = 0; };
		19809997A1DD4FC3A7A7F4AB /* CDVGlobalization.h */ = {isa = PBXFileReference; name = "CDVGlobalization.h"; path = "cordova-plugin-globalization/CDVGlobalization.h"; sourceTree = "<group>"; fileEncoding = 4; lastKnownFileType = sourcecode.c.h; explicitFileType = undefined; includeInIndex = 0; };
		24E8410D891E4B07B8719D3A /* CDVInAppBrowser.m */ = {isa = PBXFileReference; name = "CDVInAppBrowser.m"; path = "cordova-plugin-inappbrowser/CDVInAppBrowser.m"; sourceTree = "<group>"; fileEncoding = 4; lastKnownFileType = sourcecode.c.objc; explicitFileType = undefined; includeInIndex = 0; };
		326BA81A72A046A7B96BF241 /* CDVInAppBrowser.h */ = {isa = PBXFileReference; name = "CDVInAppBrowser.h"; path = "cordova-plugin-inappbrowser/CDVInAppBrowser.h"; sourceTree = "<group>"; fileEncoding = 4; lastKnownFileType = sourcecode.c.h; explicitFileType = undefined; includeInIndex = 0; };
		65FBC19540A14CF4B2FA37DF /* CDVSound.m */ = {isa = PBXFileReference; name = "CDVSound.m"; path = "cordova-plugin-media/CDVSound.m"; sourceTree = "<group>"; fileEncoding = 4; lastKnownFileType = sourcecode.c.objc; explicitFileType = undefined; includeInIndex = 0; };
		221D4D99DF3F478BA9C24948 /* CDVSound.h */ = {isa = PBXFileReference; name = "CDVSound.h"; path = "cordova-plugin-media/CDVSound.h"; sourceTree = "<group>"; fileEncoding = 4; lastKnownFileType = sourcecode.c.h; explicitFileType = undefined; includeInIndex = 0; };
		9EEEDCFDC7914B839E18DA4C /* CDVCapture.m */ = {isa = PBXFileReference; name = "CDVCapture.m"; path = "cordova-plugin-media-capture/CDVCapture.m"; sourceTree = "<group>"; fileEncoding = 4; lastKnownFileType = sourcecode.c.objc; explicitFileType = undefined; includeInIndex = 0; };
		0DCD77FAFF944620AF3D042D /* CDVCapture.h */ = {isa = PBXFileReference; name = "CDVCapture.h"; path = "cordova-plugin-media-capture/CDVCapture.h"; sourceTree = "<group>"; fileEncoding = 4; lastKnownFileType = sourcecode.c.h; explicitFileType = undefined; includeInIndex = 0; };
		5E8F2D78440047CE92B8C735 /* CDVCapture.bundle */ = {isa = PBXFileReference; name = "CDVCapture.bundle"; path = "CDVCapture.bundle"; sourceTree = "<group>"; fileEncoding = undefined; lastKnownFileType = wrapper.plug-in; explicitFileType = undefined; includeInIndex = 0; };
		AEA92E188E1846C9A920F216 /* CDVConnection.m */ = {isa = PBXFileReference; name = "CDVConnection.m"; path = "cordova-plugin-network-information/CDVConnection.m"; sourceTree = "<group>"; fileEncoding = 4; lastKnownFileType = sourcecode.c.objc; explicitFileType = undefined; includeInIndex = 0; };
		C6C4E9F583534BD4AA90B6B2 /* CDVReachability.m */ = {isa = PBXFileReference; name = "CDVReachability.m"; path = "cordova-plugin-network-information/CDVReachability.m"; sourceTree = "<group>"; fileEncoding = 4; lastKnownFileType = sourcecode.c.objc; explicitFileType = undefined; includeInIndex = 0; };
		0C8FE133E62444049A41916C /* CDVConnection.h */ = {isa = PBXFileReference; name = "CDVConnection.h"; path = "cordova-plugin-network-information/CDVConnection.h"; sourceTree = "<group>"; fileEncoding = 4; lastKnownFileType = sourcecode.c.h; explicitFileType = undefined; includeInIndex = 0; };
		87B38AEF8228483A99DE9D4A /* CDVReachability.h */ = {isa = PBXFileReference; name = "CDVReachability.h"; path = "cordova-plugin-network-information/CDVReachability.h"; sourceTree = "<group>"; fileEncoding = 4; lastKnownFileType = sourcecode.c.h; explicitFileType = undefined; includeInIndex = 0; };
		71D1471FEADF4F798ADC9C10 /* SystemConfiguration.framework */ = {isa = PBXFileReference; name = "SystemConfiguration.framework"; path = "System/Library/Frameworks/SystemConfiguration.framework"; sourceTree = SDKROOT; fileEncoding = undefined; lastKnownFileType = wrapper.framework; explicitFileType = undefined; includeInIndex = 0; };
		44B6F9B3E5824581B21FCF31 /* CoreTelephony.framework */ = {isa = PBXFileReference; name = "CoreTelephony.framework"; path = "System/Library/Frameworks/CoreTelephony.framework"; sourceTree = SDKROOT; fileEncoding = undefined; lastKnownFileType = wrapper.framework; explicitFileType = undefined; includeInIndex = 0; };
		EB7160F13422403FB6711F2F /* CDVSplashScreen.m */ = {isa = PBXFileReference; name = "CDVSplashScreen.m"; path = "cordova-plugin-splashscreen/CDVSplashScreen.m"; sourceTree = "<group>"; fileEncoding = 4; lastKnownFileType = sourcecode.c.objc; explicitFileType = undefined; includeInIndex = 0; };
		15CE54E6582B44938DDEDB37 /* CDVViewController+SplashScreen.m */ = {isa = PBXFileReference; name = "CDVViewController+SplashScreen.m"; path = "cordova-plugin-splashscreen/CDVViewController+SplashScreen.m"; sourceTree = "<group>"; fileEncoding = 4; lastKnownFileType = sourcecode.c.objc; explicitFileType = undefined; includeInIndex = 0; };
		294244AD78B44A92B713DF8A /* CDVSplashScreen.h */ = {isa = PBXFileReference; name = "CDVSplashScreen.h"; path = "cordova-plugin-splashscreen/CDVSplashScreen.h"; sourceTree = "<group>"; fileEncoding = 4; lastKnownFileType = sourcecode.c.h; explicitFileType = undefined; includeInIndex = 0; };
		D12CECE088454738B805C768 /* CDVViewController+SplashScreen.h */ = {isa = PBXFileReference; name = "CDVViewController+SplashScreen.h"; path = "cordova-plugin-splashscreen/CDVViewController+SplashScreen.h"; sourceTree = "<group>"; fileEncoding = 4; lastKnownFileType = sourcecode.c.h; explicitFileType = undefined; includeInIndex = 0; };
		F98ED8D741814C4A801DC4A9 /* CDVStatusBar.m */ = {isa = PBXFileReference; name = "CDVStatusBar.m"; path = "cordova-plugin-statusbar/CDVStatusBar.m"; sourceTree = "<group>"; fileEncoding = 4; lastKnownFileType = sourcecode.c.objc; explicitFileType = undefined; includeInIndex = 0; };
		9346CC750EB44DEB81F361AC /* CDVStatusBar.h */ = {isa = PBXFileReference; name = "CDVStatusBar.h"; path = "cordova-plugin-statusbar/CDVStatusBar.h"; sourceTree = "<group>"; fileEncoding = 4; lastKnownFileType = sourcecode.c.h; explicitFileType = undefined; includeInIndex = 0; };
		A3A098A18E01439882AEDF16 /* CDVVibration.m */ = {isa = PBXFileReference; name = "CDVVibration.m"; path = "cordova-plugin-vibration/CDVVibration.m"; sourceTree = "<group>"; fileEncoding = 4; lastKnownFileType = sourcecode.c.objc; explicitFileType = undefined; includeInIndex = 0; };
		9729DFEF5E4B47F4969AF9B6 /* CDVVibration.h */ = {isa = PBXFileReference; name = "CDVVibration.h"; path = "cordova-plugin-vibration/CDVVibration.h"; sourceTree = "<group>"; fileEncoding = 4; lastKnownFileType = sourcecode.c.h; explicitFileType = undefined; includeInIndex = 0; };
		DC169483163042339DE3C320 /* libiconv.dylib */ = {isa = PBXFileReference; name = "libiconv.dylib"; path = "usr/lib/libiconv.dylib"; sourceTree = SDKROOT; fileEncoding = undefined; lastKnownFileType = compiled.mach-o.dylib; explicitFileType = undefined; includeInIndex = 0; };
		B7272A76AA8F4658818629DE /* CoreVideo.framework */ = {isa = PBXFileReference; name = "CoreVideo.framework"; path = "System/Library/Frameworks/CoreVideo.framework"; sourceTree = SDKROOT; fileEncoding = undefined; lastKnownFileType = wrapper.framework; explicitFileType = undefined; includeInIndex = 0; };
		3DB581B91DB54449A36DE3A3 /* QuartzCore.framework */ = {isa = PBXFileReference; name = "QuartzCore.framework"; path = "System/Library/Frameworks/QuartzCore.framework"; sourceTree = SDKROOT; fileEncoding = undefined; lastKnownFileType = wrapper.framework; explicitFileType = undefined; includeInIndex = 0; };
		CA6E264A172A4A99A7BB1CB0 /* CoreImage.framework */ = {isa = PBXFileReference; name = "CoreImage.framework"; path = "System/Library/Frameworks/CoreImage.framework"; sourceTree = SDKROOT; fileEncoding = undefined; lastKnownFileType = wrapper.framework; explicitFileType = undefined; includeInIndex = 0; };
		C438F6F40DB64792AF4F5465 /* CDVBarcodeScanner.mm */ = {isa = PBXFileReference; name = "CDVBarcodeScanner.mm"; path = "phonegap-plugin-barcodescanner/CDVBarcodeScanner.mm"; sourceTree = "<group>"; fileEncoding = undefined; lastKnownFileType = unknown; explicitFileType = undefined; includeInIndex = 0; };
		A0A61653A23946F484C42DD6 /* zxing-all-in-one.cpp */ = {isa = PBXFileReference; name = "zxing-all-in-one.cpp"; path = "phonegap-plugin-barcodescanner/zxing-all-in-one.cpp"; sourceTree = "<group>"; fileEncoding = undefined; lastKnownFileType = unknown; explicitFileType = undefined; includeInIndex = 0; };
		EE926EB56310494A8903E06B /* zxing-all-in-one.h */ = {isa = PBXFileReference; name = "zxing-all-in-one.h"; path = "phonegap-plugin-barcodescanner/zxing-all-in-one.h"; sourceTree = "<group>"; fileEncoding = 4; lastKnownFileType = sourcecode.c.h; explicitFileType = undefined; includeInIndex = 0; };
		9773F671EC6C44EB9ED3E7A1 /* scannerOverlay.xib */ = {isa = PBXFileReference; name = "scannerOverlay.xib"; path = "scannerOverlay.xib"; sourceTree = "<group>"; fileEncoding = undefined; lastKnownFileType = file.xib; explicitFileType = undefined; includeInIndex = 0; };
		2D28F128A4FE4193BAD139CB /* CDVBarcodeScanner.bundle */ = {isa = PBXFileReference; name = "CDVBarcodeScanner.bundle"; path = "CDVBarcodeScanner.bundle"; sourceTree = "<group>"; fileEncoding = undefined; lastKnownFileType = wrapper.plug-in; explicitFileType = undefined; includeInIndex = 0; };
/* End PBXFileReference section */

/* Begin PBXFrameworksBuildPhase section */
		1D60588F0D05DD3D006BFB54 /* Frameworks */ = {
			isa = PBXFrameworksBuildPhase;
			buildActionMask = 2147483647;
			files = (
				301BF552109A68D80062928A /* libCordova.a in Frameworks */,
				ADBBBDB7A9E2483F99278A79 /* ImageIO.framework in Frameworks */,
				0F45EBE53F5F432FB829528C /* CoreLocation.framework in Frameworks */,
				805D4FD6883A49B7BE96B783 /* AVFoundation.framework in Frameworks */,
				CB80B8CA101F41ABBA2617B0 /* AddressBook.framework in Frameworks */,
				7255A922FFAB43DF9422A54C /* AddressBookUI.framework in Frameworks */,
				1FBDA3F46A074FE19CE77ED4 /* CoreMotion.framework in Frameworks */,
				5A50EA544E714DFDA40F9717 /* AudioToolbox.framework in Frameworks */,
				4474B60CCD7D4944940B442C /* SystemConfiguration.framework in Frameworks */,
				595C54BE04304CB5A33E87E5 /* CoreTelephony.framework in Frameworks */,
				126FD71065954602B9EBDF12 /* libiconv.dylib in Frameworks */,
				7BB799752A564970A1AF2095 /* CoreVideo.framework in Frameworks */,
				B3D23EB94F7542639D11BD3B /* QuartzCore.framework in Frameworks */,
				C4081A3D13D24C0EB4A94392 /* CoreImage.framework in Frameworks */,
			);
			runOnlyForDeploymentPostprocessing = 0;
		};
/* End PBXFrameworksBuildPhase section */

/* Begin PBXGroup section */
		080E96DDFE201D6D7F000001 /* Classes */ = {
			isa = PBXGroup;
			children = (
				302D95EE14D2391D003F00A1 /* MainViewController.h */,
				302D95EF14D2391D003F00A1 /* MainViewController.m */,
				302D95F014D2391D003F00A1 /* MainViewController.xib */,
				1D3623240D0F684500981E51 /* AppDelegate.h */,
				1D3623250D0F684500981E51 /* AppDelegate.m */,
			);
			name = Classes;
			path = "LocalStorageWithScanner/Classes";
			sourceTree = SOURCE_ROOT;
		};
		19C28FACFE9D520D11CA2CBB /* Products */ = {
			isa = PBXGroup;
			children = (
				1D6058910D05DD3D006BFB54 /* LocalStorageWithScanner.app */,
			);
			name = Products;
			sourceTree = "<group>";
		};
		29B97314FDCFA39411CA2CEA /* CustomTemplate */ = {
			isa = PBXGroup;
			children = (
				EB87FDF41871DAF40020F90C /* config.xml */,
				EB87FDF31871DA8E0020F90C /* www */,
				EB87FDF11871DA420020F90C /* Staging */,
				301BF52D109A57CC0062928A /* CordovaLib.xcodeproj */,
				080E96DDFE201D6D7F000001 /* Classes */,
				307C750510C5A3420062BCA9 /* Plugins */,
				29B97315FDCFA39411CA2CEA /* Other Sources */,
				29B97317FDCFA39411CA2CEA /* Resources */,
				29B97323FDCFA39411CA2CEA /* Frameworks */,
				19C28FACFE9D520D11CA2CBB /* Products */,
			);
			name = CustomTemplate;
			sourceTree = "<group>";
		};
		29B97315FDCFA39411CA2CEA /* Other Sources */ = {
			isa = PBXGroup;
			children = (
				32CA4F630368D1EE00C91783 /* LocalStorageWithScanner-Prefix.pch */,
				29B97316FDCFA39411CA2CEA /* main.m */,
				ED33DF2A687741AEAF9F8254 /* Bridging-Header.h */,
			);
			name = "Other Sources";
			path = "LocalStorageWithScanner";
			sourceTree = "<group>";
		};
		29B97317FDCFA39411CA2CEA /* Resources */ = {
			isa = PBXGroup;
			children = (
				0207DA571B56EA530066E2B4 /* Images.xcassets */,
				3047A50E1AB8057F00498E2A /* config */,
				8D1107310486CEB800E47090 /* LocalStorageWithScanner-Info.plist */,
				242752FF027347329358993F /* CDVNotification.bundle */,
				5E8F2D78440047CE92B8C735 /* CDVCapture.bundle */,
				9773F671EC6C44EB9ED3E7A1 /* scannerOverlay.xib */,
				2D28F128A4FE4193BAD139CB /* CDVBarcodeScanner.bundle */,
			);
			name = Resources;
			path = "LocalStorageWithScanner/Resources";
			sourceTree = "<group>";
		};
		29B97323FDCFA39411CA2CEA /* Frameworks */ = {
			isa = PBXGroup;
			children = (
				ED819BB748D34C8EAEC27238 /* ImageIO.framework */,
				B3837B5017244114A61CA289 /* CoreLocation.framework */,
				9F5C3D399BCD41A78354083E /* AVFoundation.framework */,
				4217386AB2CE40BF909F3B4A /* AddressBook.framework */,
				BA9299502E6048988033F61A /* AddressBookUI.framework */,
				8FDCBBB200DB44D3AFA42238 /* CoreMotion.framework */,
				23C4134991A24D07BCC63DF0 /* AudioToolbox.framework */,
				71D1471FEADF4F798ADC9C10 /* SystemConfiguration.framework */,
				44B6F9B3E5824581B21FCF31 /* CoreTelephony.framework */,
				DC169483163042339DE3C320 /* libiconv.dylib */,
				B7272A76AA8F4658818629DE /* CoreVideo.framework */,
				3DB581B91DB54449A36DE3A3 /* QuartzCore.framework */,
				CA6E264A172A4A99A7BB1CB0 /* CoreImage.framework */,
			);
			name = Frameworks;
			sourceTree = "<group>";
		};
		301BF52E109A57CC0062928A /* Products */ = {
			isa = PBXGroup;
			children = (
				301BF535109A57CC0062928A /* libCordova.a */,
			);
			name = Products;
			sourceTree = "<group>";
		};
		3047A50E1AB8057F00498E2A /* config */ = {
			isa = PBXGroup;
			children = (
				3047A50F1AB8059700498E2A /* build-debug.xcconfig */,
				3047A5101AB8059700498E2A /* build-release.xcconfig */,
				3047A5111AB8059700498E2A /* build.xcconfig */,
			);
			name = config;
			sourceTree = "<group>";
		};
		307C750510C5A3420062BCA9 /* Plugins */ = {
			isa = PBXGroup;
			children = (
				28AC1820184B41F698FD8E2B /* CDVBattery.m */,
				280F21A5B4C64579970DD6D7 /* CDVBattery.h */,
				262105C2A5144FC58536ACB3 /* UIImage+CropScaleOrientation.m */,
				6BC4C73D786843B987112130 /* CDVCamera.m */,
				D350D2AA287F40D49CE94E6F /* CDVJpegHeaderWriter.m */,
				29A16BAADABD4BA09F584BA4 /* UIImage+CropScaleOrientation.h */,
				E54808137AFD4C65B21C5A76 /* CDVCamera.h */,
				C8C119EE184B4FBEB1AAB866 /* CDVJpegHeaderWriter.h */,
				2781B0C37B16406E8E228E54 /* CDVExif.h */,
				D287482618DF44D19CD300C2 /* CDVLogger.m */,
				074C4832BB914833A6339391 /* CDVLogger.h */,
				D12699C7EA5543A69AEE8EA3 /* CDVContacts.m */,
				AD9F15C2035449F9989F57D0 /* CDVContact.m */,
				907FF8BC7664406FB5FFC0A5 /* CDVContacts.h */,
				19D7E8F8F2884B4BB97FE4EE /* CDVContact.h */,
				15083F862E024B36B266B837 /* CDVDevice.m */,
				8C9A5502C65445859BD08BBA /* CDVDevice.h */,
				2C66223006274EC8B05A5330 /* CDVAccelerometer.m */,
				F9F75DB59A194DF49E64CE2F /* CDVAccelerometer.h */,
				C0320D8604D7430EAEB289FF /* CDVCompass.m */,
				3A2221753F6141709CD75B99 /* CDVCompass.h */,
				061B09A7BDD440369FEC74D2 /* CDVNotification.m */,
				C92E49AE70D243528556B0DE /* CDVNotification.h */,
				0521E134C3884B3FAFFFAA99 /* CDVFile.m */,
				3C1000CD855340498C0C473A /* CDVLocalFilesystem.m */,
				38D0616630AF4A93BCBCBB87 /* CDVAssetLibraryFilesystem.m */,
				605EE4FEDBD844B6BECFF012 /* CDVFile.h */,
				35C4F57D59CB47AB848288D1 /* CDVLocalFilesystem.h */,
				F79E666C76BB44F39DF6A19E /* CDVAssetLibraryFilesystem.h */,
				AC198464AE0B418C86A9F3A9 /* CDVFileTransfer.m */,
				1C8866FAFC56407E8E8E5D26 /* CDVFileTransfer.h */,
				616FA7E4ADF646F39D625B69 /* CDVLocation.m */,
				24F02FFE858A47DDB8A2C03C /* CDVLocation.h */,
				E904911789184C27811F0B73 /* CDVGlobalization.m */,
				19809997A1DD4FC3A7A7F4AB /* CDVGlobalization.h */,
				24E8410D891E4B07B8719D3A /* CDVInAppBrowser.m */,
				326BA81A72A046A7B96BF241 /* CDVInAppBrowser.h */,
				65FBC19540A14CF4B2FA37DF /* CDVSound.m */,
				221D4D99DF3F478BA9C24948 /* CDVSound.h */,
				9EEEDCFDC7914B839E18DA4C /* CDVCapture.m */,
				0DCD77FAFF944620AF3D042D /* CDVCapture.h */,
				AEA92E188E1846C9A920F216 /* CDVConnection.m */,
				C6C4E9F583534BD4AA90B6B2 /* CDVReachability.m */,
				0C8FE133E62444049A41916C /* CDVConnection.h */,
				87B38AEF8228483A99DE9D4A /* CDVReachability.h */,
				EB7160F13422403FB6711F2F /* CDVSplashScreen.m */,
				15CE54E6582B44938DDEDB37 /* CDVViewController+SplashScreen.m */,
				294244AD78B44A92B713DF8A /* CDVSplashScreen.h */,
				D12CECE088454738B805C768 /* CDVViewController+SplashScreen.h */,
				F98ED8D741814C4A801DC4A9 /* CDVStatusBar.m */,
				9346CC750EB44DEB81F361AC /* CDVStatusBar.h */,
				A3A098A18E01439882AEDF16 /* CDVVibration.m */,
				9729DFEF5E4B47F4969AF9B6 /* CDVVibration.h */,
				C438F6F40DB64792AF4F5465 /* CDVBarcodeScanner.mm */,
				A0A61653A23946F484C42DD6 /* zxing-all-in-one.cpp */,
				EE926EB56310494A8903E06B /* zxing-all-in-one.h */,
			);
			name = Plugins;
			path = "LocalStorageWithScanner/Plugins";
			sourceTree = SOURCE_ROOT;
		};
		EB87FDF11871DA420020F90C /* Staging */ = {
			isa = PBXGroup;
			children = (
				F840E1F0165FE0F500CFE078 /* config.xml */,
				301BF56E109A69640062928A /* www */,
			);
			name = Staging;
			sourceTree = "<group>";
		};
/* End PBXGroup section */

/* Begin PBXNativeTarget section */
		1D6058900D05DD3D006BFB54 /* LocalStorageWithScanner */ = {
			isa = PBXNativeTarget;
			buildConfigurationList = 1D6058960D05DD3E006BFB54 /* Build configuration list for PBXNativeTarget "LocalStorageWithScanner" */;
			buildPhases = (
				304B58A110DAC018002A0835 /* Copy www directory */,
				1D60588D0D05DD3D006BFB54 /* Resources */,
				1D60588E0D05DD3D006BFB54 /* Sources */,
				1D60588F0D05DD3D006BFB54 /* Frameworks */,
			);
			buildRules = (
			);
			dependencies = (
				301BF551109A68C00062928A /* PBXTargetDependency */,
			);
			name = "LocalStorageWithScanner";
			productName = "LocalStorageWithScanner";
			productReference = 1D6058910D05DD3D006BFB54 /* LocalStorageWithScanner.app */;
			productType = "com.apple.product-type.application";
		};
/* End PBXNativeTarget section */

/* Begin PBXProject section */
		29B97313FDCFA39411CA2CEA /* Project object */ = {
			isa = PBXProject;
			attributes = {
				LastUpgradeCheck = 510;
			};
			buildConfigurationList = C01FCF4E08A954540054247B /* Build configuration list for PBXProject "__NON-CLI__" */;
			compatibilityVersion = "Xcode 3.2";
			developmentRegion = English;
			hasScannedForEncodings = 1;
			mainGroup = 29B97314FDCFA39411CA2CEA /* CustomTemplate */;
			projectDirPath = "";
			projectReferences = (
				{
					ProductGroup = 301BF52E109A57CC0062928A /* Products */;
					ProjectRef = 301BF52D109A57CC0062928A /* CordovaLib.xcodeproj */;
				},
			);
			projectRoot = "";
			targets = (
				1D6058900D05DD3D006BFB54 /* LocalStorageWithScanner */,
			);
		};
/* End PBXProject section */

/* Begin PBXReferenceProxy section */
		301BF535109A57CC0062928A /* libCordova.a */ = {
			isa = PBXReferenceProxy;
			fileType = archive.ar;
			path = libCordova.a;
			remoteRef = 301BF534109A57CC0062928A /* PBXContainerItemProxy */;
			sourceTree = BUILT_PRODUCTS_DIR;
		};
/* End PBXReferenceProxy section */

/* Begin PBXResourcesBuildPhase section */
		1D60588D0D05DD3D006BFB54 /* Resources */ = {
			isa = PBXResourcesBuildPhase;
			buildActionMask = 2147483647;
			files = (
				302D95F214D2391D003F00A1 /* MainViewController.xib in Resources */,
				3047A5131AB8059700498E2A /* build-release.xcconfig in Resources */,
				3047A5141AB8059700498E2A /* build.xcconfig in Resources */,
				0207DA581B56EA530066E2B4 /* Images.xcassets in Resources */,
				3047A5121AB8059700498E2A /* build-debug.xcconfig in Resources */,
				E3103642113A49FD916136BD /* CDVNotification.bundle in Resources */,
				9E688C22698443E5B7F3EACE /* CDVCapture.bundle in Resources */,
				734551A81E2848208922A406 /* scannerOverlay.xib in Resources */,
				EA87ED74CF254ECAB3A6FDA5 /* CDVBarcodeScanner.bundle in Resources */,
			);
			runOnlyForDeploymentPostprocessing = 0;
		};
/* End PBXResourcesBuildPhase section */

/* Begin PBXShellScriptBuildPhase section */
		304B58A110DAC018002A0835 /* Copy www directory */ = {
			isa = PBXShellScriptBuildPhase;
			buildActionMask = 2147483647;
			files = (
			);
			inputPaths = (
			);
			name = "Copy www directory";
			outputPaths = (
			);
			runOnlyForDeploymentPostprocessing = 0;
			shellPath = /bin/sh;
			shellScript = "NODEJS_PATH=/usr/local/bin; NVM_NODE_PATH=~/.nvm/versions/node/`nvm version 2>/dev/null`/bin; N_NODE_PATH=`find /usr/local/n/versions/node/* -maxdepth 0 -type d 2>/dev/null | tail -1`/bin; XCODE_NODE_PATH=`xcode-select --print-path`/usr/share/xcs/Node/bin; PATH=$NODEJS_PATH:$NVM_NODE_PATH:$N_NODE_PATH:$XCODE_NODE_PATH:$PATH && node cordova/lib/copy-www-build-step.js";
			showEnvVarsInLog = 0;
		};
/* End PBXShellScriptBuildPhase section */

/* Begin PBXSourcesBuildPhase section */
		1D60588E0D05DD3D006BFB54 /* Sources */ = {
			isa = PBXSourcesBuildPhase;
			buildActionMask = 2147483647;
			files = (
				1D60589B0D05DD56006BFB54 /* main.m in Sources */,
				1D3623260D0F684500981E51 /* AppDelegate.m in Sources */,
				302D95F114D2391D003F00A1 /* MainViewController.m in Sources */,
				20264B9840DF40429BC2172C /* CDVBattery.m in Sources */,
				205CE1693D7F41779027FA1C /* UIImage+CropScaleOrientation.m in Sources */,
				1BEA93D2E4074444A695C091 /* CDVCamera.m in Sources */,
				DC2EA1D2010B40A89F639C6E /* CDVJpegHeaderWriter.m in Sources */,
				5609FB737D3C4D8E8C2C427A /* CDVLogger.m in Sources */,
				B83AEDCA18BA4E16819AB492 /* CDVContacts.m in Sources */,
				4226885731794F0DBDDC6A98 /* CDVContact.m in Sources */,
				83668F4474604B80B55A97ED /* CDVDevice.m in Sources */,
				04F3CF89E0E04D95AA093383 /* CDVAccelerometer.m in Sources */,
				4EFDB2BEA87A443097BB2A57 /* CDVCompass.m in Sources */,
				5ECE641E6AE04F8D8B1077D2 /* CDVNotification.m in Sources */,
				98BA41BEE9BA40B0A0F7CCCB /* CDVFile.m in Sources */,
				B479AB7981F541B89DA14493 /* CDVLocalFilesystem.m in Sources */,
				11C09C8A15724922BC801028 /* CDVAssetLibraryFilesystem.m in Sources */,
				7E32D40DD0C24FA5903A33B7 /* CDVFileTransfer.m in Sources */,
				7AF6E712B39C4DAB9DA79197 /* CDVLocation.m in Sources */,
				7B24921D953946FEBB7EC0D9 /* CDVGlobalization.m in Sources */,
				3346002EB6A64321B4C7CD33 /* CDVInAppBrowser.m in Sources */,
				92D022E373C44605B811698C /* CDVSound.m in Sources */,
				2B327DFB7B1148B8BC13D02B /* CDVCapture.m in Sources */,
				936F45ED83CC4DA985030E77 /* CDVConnection.m in Sources */,
				7D73CB0A91D74D299C663FD5 /* CDVReachability.m in Sources */,
				5A8071CDBC9741119B9C1127 /* CDVSplashScreen.m in Sources */,
				EACD47402ECC402084477E1D /* CDVViewController+SplashScreen.m in Sources */,
				46C618BBE8A74550BC9CF4BE /* CDVStatusBar.m in Sources */,
				A4EE05B5322C4ECB9B7ED296 /* CDVVibration.m in Sources */,
				002B0AD81F0A40F09DBB501A /* CDVBarcodeScanner.mm in Resources */,
				A69F1BBB9D794037BE84AF83 /* zxing-all-in-one.cpp in Resources */,
			);
			runOnlyForDeploymentPostprocessing = 0;
		};
/* End PBXSourcesBuildPhase section */

/* Begin PBXTargetDependency section */
		301BF551109A68C00062928A /* PBXTargetDependency */ = {
			isa = PBXTargetDependency;
			name = CordovaLib;
			targetProxy = 301BF550109A68C00062928A /* PBXContainerItemProxy */;
		};
/* End PBXTargetDependency section */

/* Begin XCBuildConfiguration section */
		1D6058940D05DD3E006BFB54 /* Debug */ = {
			isa = XCBuildConfiguration;
			baseConfigurationReference = 3047A50F1AB8059700498E2A /* build-debug.xcconfig */;
			buildSettings = {
				ALWAYS_SEARCH_USER_PATHS = NO;
				ASSETCATALOG_COMPILER_APPICON_NAME = AppIcon;
				ASSETCATALOG_COMPILER_LAUNCHIMAGE_NAME = LaunchImage;
				CLANG_ENABLE_MODULES = YES;
				CLANG_ENABLE_OBJC_ARC = YES;
				COPY_PHASE_STRIP = NO;
				GCC_DYNAMIC_NO_PIC = NO;
				GCC_OPTIMIZATION_LEVEL = 0;
				GCC_PRECOMPILE_PREFIX_HEADER = YES;
				GCC_PREFIX_HEADER = "LocalStorageWithScanner/LocalStorageWithScanner-Prefix.pch";
				GCC_THUMB_SUPPORT = NO;
				GCC_VERSION = "";
				INFOPLIST_FILE = "LocalStorageWithScanner/LocalStorageWithScanner-Info.plist";
				LD_RUNPATH_SEARCH_PATHS = "@executable_path/Frameworks";
				PRODUCT_NAME = "LocalStorageWithScanner";
			};
			name = Debug;
		};
		1D6058950D05DD3E006BFB54 /* Release */ = {
			isa = XCBuildConfiguration;
			baseConfigurationReference = 3047A5101AB8059700498E2A /* build-release.xcconfig */;
			buildSettings = {
				ALWAYS_SEARCH_USER_PATHS = NO;
				ASSETCATALOG_COMPILER_APPICON_NAME = AppIcon;
				ASSETCATALOG_COMPILER_LAUNCHIMAGE_NAME = LaunchImage;
				CLANG_ENABLE_MODULES = YES;
				CLANG_ENABLE_OBJC_ARC = YES;
				COPY_PHASE_STRIP = YES;
				GCC_PRECOMPILE_PREFIX_HEADER = YES;
				GCC_PREFIX_HEADER = "LocalStorageWithScanner/LocalStorageWithScanner-Prefix.pch";
				GCC_THUMB_SUPPORT = NO;
				GCC_VERSION = "";
				INFOPLIST_FILE = "LocalStorageWithScanner/LocalStorageWithScanner-Info.plist";
				PRODUCT_NAME = "LocalStorageWithScanner";
			};
			name = Release;
		};
		C01FCF4F08A954540054247B /* Debug */ = {
			isa = XCBuildConfiguration;
			baseConfigurationReference = 3047A5111AB8059700498E2A /* build.xcconfig */;
			buildSettings = {
				CLANG_ENABLE_MODULES = YES;
				CLANG_ENABLE_OBJC_ARC = YES;
				CLANG_WARN_BOOL_CONVERSION = YES;
				CLANG_WARN_CONSTANT_CONVERSION = YES;
				CLANG_WARN_EMPTY_BODY = YES;
				CLANG_WARN_ENUM_CONVERSION = YES;
				CLANG_WARN_INT_CONVERSION = YES;
				CLANG_WARN__DUPLICATE_METHOD_MATCH = YES;
				GCC_C_LANGUAGE_STANDARD = c99;
				GCC_THUMB_SUPPORT = NO;
				GCC_VERSION = "";
				GCC_WARN_ABOUT_RETURN_TYPE = YES;
				GCC_WARN_UNDECLARED_SELECTOR = YES;
				GCC_WARN_UNINITIALIZED_AUTOS = YES;
				GCC_WARN_UNUSED_FUNCTION = YES;
				GCC_WARN_UNUSED_VARIABLE = YES;
				ONLY_ACTIVE_ARCH = YES;
				SDKROOT = iphoneos;
				SKIP_INSTALL = NO;
			};
			name = Debug;
		};
		C01FCF5008A954540054247B /* Release */ = {
			isa = XCBuildConfiguration;
			baseConfigurationReference = 3047A5111AB8059700498E2A /* build.xcconfig */;
			buildSettings = {
				CLANG_ENABLE_MODULES = YES;
				CLANG_ENABLE_OBJC_ARC = YES;
				CLANG_WARN_BOOL_CONVERSION = YES;
				CLANG_WARN_CONSTANT_CONVERSION = YES;
				CLANG_WARN_EMPTY_BODY = YES;
				CLANG_WARN_ENUM_CONVERSION = YES;
				CLANG_WARN_INT_CONVERSION = YES;
				CLANG_WARN__DUPLICATE_METHOD_MATCH = YES;
				GCC_C_LANGUAGE_STANDARD = c99;
				GCC_THUMB_SUPPORT = NO;
				GCC_VERSION = "";
				GCC_WARN_ABOUT_RETURN_TYPE = YES;
				GCC_WARN_UNDECLARED_SELECTOR = YES;
				GCC_WARN_UNINITIALIZED_AUTOS = YES;
				GCC_WARN_UNUSED_FUNCTION = YES;
				GCC_WARN_UNUSED_VARIABLE = YES;
				SDKROOT = iphoneos;
				SKIP_INSTALL = NO;
			};
			name = Release;
		};
/* End XCBuildConfiguration section */

/* Begin XCConfigurationList section */
		1D6058960D05DD3E006BFB54 /* Build configuration list for PBXNativeTarget "LocalStorageWithScanner" */ = {
			isa = XCConfigurationList;
			buildConfigurations = (
				1D6058940D05DD3E006BFB54 /* Debug */,
				1D6058950D05DD3E006BFB54 /* Release */,
			);
			defaultConfigurationIsVisible = 0;
			defaultConfigurationName = Release;
		};
		C01FCF4E08A954540054247B /* Build configuration list for PBXProject "__NON-CLI__" */ = {
			isa = XCConfigurationList;
			buildConfigurations = (
				C01FCF4F08A954540054247B /* Debug */,
				C01FCF5008A954540054247B /* Release */,
			);
			defaultConfigurationIsVisible = 0;
			defaultConfigurationName = Release;
		};
/* End XCConfigurationList section */
	};
	rootObject = 29B97313FDCFA39411CA2CEA /* Project object */;
}
